// !$*UTF8*$!
{
	archiveVersion = 1;
	classes = {
	};
	objectVersion = 46;
	objects = {

/* Begin PBXAggregateTarget section */
		5631A3BB9033480AA1604560 /* package */ = {
			isa = PBXAggregateTarget;
			buildConfigurationList = 262574054C93449BB9CA6F4E /* Build configuration list for PBXAggregateTarget "package" */;
			buildPhases = (
				2B993E6CDFA34D779EF971B3 /* CMake PostBuild Rules */,
			);
			dependencies = (
				867B3AB135EE440B9A864673 /* PBXTargetDependency */,
			);
			name = package;
			productName = package;
		};
		570D34DCDC95462681C81F77 /* ZERO_CHECK */ = {
			isa = PBXAggregateTarget;
			buildConfigurationList = 4A87C2DD052B4693B5708F9C /* Build configuration list for PBXAggregateTarget "ZERO_CHECK" */;
			buildPhases = (
				DA649AEA81C247A7B3CFAE47 /* CMake Rules */,
			);
			dependencies = (
			);
			name = ZERO_CHECK;
			productName = ZERO_CHECK;
		};
		5761ACF60F514ECC9D7A025F /* install */ = {
			isa = PBXAggregateTarget;
			buildConfigurationList = 42183DCA6CC5443498B4E164 /* Build configuration list for PBXAggregateTarget "install" */;
			buildPhases = (
				FC33A4F229C6465B9E14EE32 /* CMake PostBuild Rules */,
			);
			dependencies = (
				6157704622AE40B4AEC3A129 /* PBXTargetDependency */,
			);
			name = install;
			productName = install;
		};
		69A09D42AD5D4A3DB9CF8DCC /* ALL_BUILD */ = {
			isa = PBXAggregateTarget;
			buildConfigurationList = 20F10BDE5FD04ABDA7DB65C9 /* Build configuration list for PBXAggregateTarget "ALL_BUILD" */;
			buildPhases = (
				7328005E8FAD4CA99D21966A /* CMake Rules */,
			);
			dependencies = (
				F97DF95F9F1740E394C44AF6 /* PBXTargetDependency */,
				47BCEB382DC14A54AC8710D2 /* PBXTargetDependency */,
			);
			name = ALL_BUILD;
			productName = ALL_BUILD;
		};
		8877F7358DBB4DDCBD06BEB3 /* RUN_TESTS */ = {
			isa = PBXAggregateTarget;
			buildConfigurationList = 0ABB2CD260B34BF490F5DBC0 /* Build configuration list for PBXAggregateTarget "RUN_TESTS" */;
			buildPhases = (
				8E38F62F8B9448B289C0A16D /* CMake PostBuild Rules */,
			);
			dependencies = (
			);
			name = RUN_TESTS;
			productName = RUN_TESTS;
		};
/* End PBXAggregateTarget section */

/* Begin PBXBuildFile section */
		4FB8B2E5599E47A7814B735B /* /Users/vector_cat/gits/bcClean/external/libigl/external/predicates/predicates.h */ = {isa = PBXBuildFile; fileRef = 1A9CF2196BCF410F877ECA22 /* /Users/vector_cat/gits/bcClean/external/libigl/external/predicates/predicates.h */; };
		B51F57629F5041A9B5BA18AD /* /Users/vector_cat/gits/bcClean/external/libigl/external/predicates/predicates.c */ = {isa = PBXBuildFile; fileRef = 2AEC08B520F446B28BAFDD06 /* /Users/vector_cat/gits/bcClean/external/libigl/external/predicates/predicates.c */; };
		DF60B54827CA4BFFB8FB7FF7 /* /Users/vector_cat/gits/bcClean/external/libigl/external/predicates/CMakeLists.txt */ = {isa = PBXBuildFile; fileRef = 7AAED5FDD38E4379886985F7 /* /Users/vector_cat/gits/bcClean/external/libigl/external/predicates/CMakeLists.txt */; };
/* End PBXBuildFile section */

/* Begin PBXBuildStyle section */
		06017F78147E480081C7CC99 /* Release */ = {
			isa = PBXBuildStyle;
			buildSettings = {
				COPY_PHASE_STRIP = NO;
			};
			name = Release;
		};
		1915448BFAF54B9FAE7C2443 /* Debug */ = {
			isa = PBXBuildStyle;
			buildSettings = {
				COPY_PHASE_STRIP = NO;
			};
			name = Debug;
		};
		2C602FA1B8BC4A17BBA5354D /* RelWithDebInfo */ = {
			isa = PBXBuildStyle;
			buildSettings = {
				COPY_PHASE_STRIP = NO;
			};
			name = RelWithDebInfo;
		};
		82F5D7CD66F84E35900CAA1C /* MinSizeRel */ = {
			isa = PBXBuildStyle;
			buildSettings = {
				COPY_PHASE_STRIP = NO;
			};
			name = MinSizeRel;
		};
/* End PBXBuildStyle section */

/* Begin PBXContainerItemProxy section */
		0072F3DB3EE44B449B07811E /* PBXContainerItemProxy */ = {
			isa = PBXContainerItemProxy;
			containerPortal = DE1318311E48408E9CA25F69 /* Project object */;
			proxyType = 1;
			remoteGlobalIDString = 570D34DCDC95462681C81F77;
			remoteInfo = ZERO_CHECK;
		};
		27D9E94F3E1746B0BCA3C193 /* PBXContainerItemProxy */ = {
			isa = PBXContainerItemProxy;
			containerPortal = DE1318311E48408E9CA25F69 /* Project object */;
			proxyType = 1;
			remoteGlobalIDString = 9082FE49546947CD9807F7F3;
			remoteInfo = predicates;
		};
		352161F5BCAE495AB23E83CD /* PBXContainerItemProxy */ = {
			isa = PBXContainerItemProxy;
			containerPortal = DE1318311E48408E9CA25F69 /* Project object */;
			proxyType = 1;
			remoteGlobalIDString = 69A09D42AD5D4A3DB9CF8DCC;
			remoteInfo = ALL_BUILD;
		};
		46D20D14341849AD97896813 /* PBXContainerItemProxy */ = {
			isa = PBXContainerItemProxy;
			containerPortal = DE1318311E48408E9CA25F69 /* Project object */;
			proxyType = 1;
			remoteGlobalIDString = 69A09D42AD5D4A3DB9CF8DCC;
			remoteInfo = ALL_BUILD;
		};
		B275EAD9F503461791F48F97 /* PBXContainerItemProxy */ = {
			isa = PBXContainerItemProxy;
			containerPortal = DE1318311E48408E9CA25F69 /* Project object */;
			proxyType = 1;
			remoteGlobalIDString = 570D34DCDC95462681C81F77;
			remoteInfo = ZERO_CHECK;
		};
/* End PBXContainerItemProxy section */

/* Begin PBXFileReference section */
		1A9CF2196BCF410F877ECA22 /* /Users/vector_cat/gits/bcClean/external/libigl/external/predicates/predicates.h */ = {isa = PBXFileReference; explicitFileType = sourcecode.c.h; fileEncoding = 4; name = predicates.h; path = predicates.h; sourceTree = SOURCE_ROOT; };
		2A4AD5978079448BBA744D11 /* predicates */ = {isa = PBXFileReference; explicitFileType = archive.ar; path = libpredicates.a; sourceTree = BUILT_PRODUCTS_DIR; };
		2AEC08B520F446B28BAFDD06 /* /Users/vector_cat/gits/bcClean/external/libigl/external/predicates/predicates.c */ = {isa = PBXFileReference; explicitFileType = sourcecode.c.c; fileEncoding = 4; name = predicates.c; path = predicates.c; sourceTree = SOURCE_ROOT; };
		2DE33D075E474AA489413BF1 /* /Users/vector_cat/gits/bcClean/external/libigl/external/predicates/CMakeLists.txt */ = {isa = PBXFileReference; explicitFileType = sourcecode.text; fileEncoding = 4; name = CMakeLists.txt; path = CMakeLists.txt; sourceTree = SOURCE_ROOT; };
		7AAED5FDD38E4379886985F7 /* /Users/vector_cat/gits/bcClean/external/libigl/external/predicates/CMakeLists.txt */ = {isa = PBXFileReference; explicitFileType = sourcecode.text; fileEncoding = 4; name = CMakeLists.txt; path = CMakeLists.txt; sourceTree = SOURCE_ROOT; };
/* End PBXFileReference section */

/* Begin PBXGroup section */
		034CE528852242429B5B79DC = {
			isa = PBXGroup;
			children = (
				E8731EA5A4394D5CB1B54513 /* predicates */,
				DAFACCB598714A12AF62E09F /* ALL_BUILD */,
				EEFFEC3F53CB439D8538472E /* Products */,
			);
			sourceTree = "<group>";
		};
		84FDD7CC2EAA4B489555A823 /* Header Files */ = {
			isa = PBXGroup;
			children = (
				1A9CF2196BCF410F877ECA22 /* /Users/vector_cat/gits/bcClean/external/libigl/external/predicates/predicates.h */,
			);
			name = "Header Files";
			sourceTree = "<group>";
		};
		DAFACCB598714A12AF62E09F /* ALL_BUILD */ = {
			isa = PBXGroup;
			children = (
				EE9A18CA540E497BB66721E2 /* CMake Rules */,
				2DE33D075E474AA489413BF1 /* /Users/vector_cat/gits/bcClean/external/libigl/external/predicates/CMakeLists.txt */,
			);
			name = ALL_BUILD;
			sourceTree = "<group>";
		};
		E8731EA5A4394D5CB1B54513 /* predicates */ = {
			isa = PBXGroup;
			children = (
				FD8AF47979584A9B9FD582C6 /* Source Files */,
				84FDD7CC2EAA4B489555A823 /* Header Files */,
				7AAED5FDD38E4379886985F7 /* /Users/vector_cat/gits/bcClean/external/libigl/external/predicates/CMakeLists.txt */,
			);
			name = predicates;
			sourceTree = "<group>";
		};
		EE9A18CA540E497BB66721E2 /* CMake Rules */ = {
			isa = PBXGroup;
			children = (
			);
			name = "CMake Rules";
			sourceTree = "<group>";
		};
		EEFFEC3F53CB439D8538472E /* Products */ = {
			isa = PBXGroup;
			children = (
				2A4AD5978079448BBA744D11 /* predicates */,
			);
			name = Products;
			sourceTree = "<group>";
		};
		FD8AF47979584A9B9FD582C6 /* Source Files */ = {
			isa = PBXGroup;
			children = (
				2AEC08B520F446B28BAFDD06 /* /Users/vector_cat/gits/bcClean/external/libigl/external/predicates/predicates.c */,
			);
			name = "Source Files";
			sourceTree = "<group>";
		};
/* End PBXGroup section */

/* Begin PBXNativeTarget section */
		9082FE49546947CD9807F7F3 /* predicates */ = {
			isa = PBXNativeTarget;
			buildConfigurationList = CDECB24177384B209C296688 /* Build configuration list for PBXNativeTarget "predicates" */;
			buildPhases = (
				433F02E3579646DCAE8475D3 /* Sources */,
			);
			buildRules = (
			);
			dependencies = (
				7403063A275649EFA3F3B28A /* PBXTargetDependency */,
			);
			name = predicates;
			productName = predicates;
			productReference = 2A4AD5978079448BBA744D11 /* predicates */;
			productType = "com.apple.product-type.library.static";
		};
/* End PBXNativeTarget section */

/* Begin PBXProject section */
		DE1318311E48408E9CA25F69 /* Project object */ = {
			isa = PBXProject;
			attributes = {
				BuildIndependentTargetsInParallel = YES;
				LastUpgradeCheck = 1120;
			};
			buildConfigurationList = 8A35F5D7F3664AB6B95091B1 /* Build configuration list for PBXProject "predicates" */;
			buildSettings = {
			};
			buildStyles = (
				1915448BFAF54B9FAE7C2443 /* Debug */,
				06017F78147E480081C7CC99 /* Release */,
				82F5D7CD66F84E35900CAA1C /* MinSizeRel */,
				2C602FA1B8BC4A17BBA5354D /* RelWithDebInfo */,
			);
			compatibilityVersion = "Xcode 3.2";
			hasScannedForEncodings = 0;
			mainGroup = 034CE528852242429B5B79DC;
			projectDirPath = ../../external/libigl/external/predicates;
			projectRoot = "";
			targets = (
				69A09D42AD5D4A3DB9CF8DCC /* ALL_BUILD */,
				8877F7358DBB4DDCBD06BEB3 /* RUN_TESTS */,
				570D34DCDC95462681C81F77 /* ZERO_CHECK */,
				5761ACF60F514ECC9D7A025F /* install */,
				5631A3BB9033480AA1604560 /* package */,
				9082FE49546947CD9807F7F3 /* predicates */,
			);
		};
/* End PBXProject section */

/* Begin PBXShellScriptBuildPhase section */
		2B993E6CDFA34D779EF971B3 /* CMake PostBuild Rules */ = {
			isa = PBXShellScriptBuildPhase;
			buildActionMask = 2147483647;
			files = (
			);
			name = "CMake PostBuild Rules";
			runOnlyForDeploymentPostprocessing = 0;
			shellPath = /bin/sh;
			shellScript = "make -C /Users/vector_cat/gits/bcClean/Xcode/predicates -f /Users/vector_cat/gits/bcClean/Xcode/predicates/CMakeScripts/package_postBuildPhase.make$CONFIGURATION all";
			showEnvVarsInLog = 0;
		};
		4C4E98A41C854CB2AC4DEFED = {
			isa = PBXShellScriptBuildPhase;
			buildActionMask = 2147483647;
			files = (
			);
			inputPaths = (
			);
			outputPaths = (
			);
			runOnlyForDeploymentPostprocessing = 0;
			shellPath = /bin/sh;
			shellScript = "# shell script goes here
exit 0";
			showEnvVarsInLog = 0;
		};
		6173CC5E7645470B86E56DAF = {
			isa = PBXShellScriptBuildPhase;
			buildActionMask = 2147483647;
			files = (
			);
			inputPaths = (
			);
			outputPaths = (
			);
			runOnlyForDeploymentPostprocessing = 0;
			shellPath = /bin/sh;
			shellScript = "# shell script goes here
exit 0";
			showEnvVarsInLog = 0;
		};
		7328005E8FAD4CA99D21966A /* CMake Rules */ = {
			isa = PBXShellScriptBuildPhase;
			buildActionMask = 2147483647;
			files = (
			);
			name = "CMake Rules";
			runOnlyForDeploymentPostprocessing = 0;
			shellPath = /bin/sh;
			shellScript = "make -C /Users/vector_cat/gits/bcClean/Xcode/predicates -f /Users/vector_cat/gits/bcClean/Xcode/predicates/CMakeScripts/ALL_BUILD_cmakeRulesBuildPhase.make$CONFIGURATION all";
			showEnvVarsInLog = 0;
		};
		8E38F62F8B9448B289C0A16D /* CMake PostBuild Rules */ = {
			isa = PBXShellScriptBuildPhase;
			buildActionMask = 2147483647;
			files = (
			);
			name = "CMake PostBuild Rules";
			runOnlyForDeploymentPostprocessing = 0;
			shellPath = /bin/sh;
			shellScript = "make -C /Users/vector_cat/gits/bcClean/Xcode/predicates -f /Users/vector_cat/gits/bcClean/Xcode/predicates/CMakeScripts/RUN_TESTS_postBuildPhase.make$CONFIGURATION all";
			showEnvVarsInLog = 0;
		};
		979C6E3F36D34BC2853463A6 = {
			isa = PBXShellScriptBuildPhase;
			buildActionMask = 2147483647;
			files = (
			);
			inputPaths = (
			);
			outputPaths = (
			);
			runOnlyForDeploymentPostprocessing = 0;
			shellPath = /bin/sh;
			shellScript = "# shell script goes here
exit 0";
			showEnvVarsInLog = 0;
		};
		989C0B0C9F3A49F9BD6E2269 = {
			isa = PBXShellScriptBuildPhase;
			buildActionMask = 2147483647;
			files = (
			);
			inputPaths = (
			);
			outputPaths = (
			);
			runOnlyForDeploymentPostprocessing = 0;
			shellPath = /bin/sh;
			shellScript = "# shell script goes here
exit 0";
			showEnvVarsInLog = 0;
		};
		DA649AEA81C247A7B3CFAE47 /* CMake Rules */ = {
			isa = PBXShellScriptBuildPhase;
			buildActionMask = 2147483647;
			files = (
			);
			name = "CMake Rules";
			runOnlyForDeploymentPostprocessing = 0;
			shellPath = /bin/sh;
			shellScript = "make -C /Users/vector_cat/gits/bcClean/Xcode/predicates -f /Users/vector_cat/gits/bcClean/Xcode/predicates/CMakeScripts/ZERO_CHECK_cmakeRulesBuildPhase.make$CONFIGURATION all";
			showEnvVarsInLog = 0;
		};
		F206327CD1B54D5FA07667E7 = {
			isa = PBXShellScriptBuildPhase;
			buildActionMask = 2147483647;
			files = (
			);
			inputPaths = (
			);
			outputPaths = (
			);
			runOnlyForDeploymentPostprocessing = 0;
			shellPath = /bin/sh;
			shellScript = "# shell script goes here
exit 0";
			showEnvVarsInLog = 0;
		};
		FC33A4F229C6465B9E14EE32 /* CMake PostBuild Rules */ = {
			isa = PBXShellScriptBuildPhase;
			buildActionMask = 2147483647;
			files = (
			);
			name = "CMake PostBuild Rules";
			runOnlyForDeploymentPostprocessing = 0;
			shellPath = /bin/sh;
			shellScript = "make -C /Users/vector_cat/gits/bcClean/Xcode/predicates -f /Users/vector_cat/gits/bcClean/Xcode/predicates/CMakeScripts/install_postBuildPhase.make$CONFIGURATION all";
			showEnvVarsInLog = 0;
		};
/* End PBXShellScriptBuildPhase section */

/* Begin PBXSourcesBuildPhase section */
		433F02E3579646DCAE8475D3 /* Sources */ = {
			isa = PBXSourcesBuildPhase;
			buildActionMask = 2147483647;
			files = (
				B51F57629F5041A9B5BA18AD /* /Users/vector_cat/gits/bcClean/external/libigl/external/predicates/predicates.c */,
			);
			runOnlyForDeploymentPostprocessing = 0;
		};
/* End PBXSourcesBuildPhase section */

/* Begin PBXTargetDependency section */
		47BCEB382DC14A54AC8710D2 /* PBXTargetDependency */ = {
			isa = PBXTargetDependency;
			target = 9082FE49546947CD9807F7F3 /* predicates */;
			targetProxy = 27D9E94F3E1746B0BCA3C193 /* PBXContainerItemProxy */;
		};
		6157704622AE40B4AEC3A129 /* PBXTargetDependency */ = {
			isa = PBXTargetDependency;
			target = 69A09D42AD5D4A3DB9CF8DCC /* ALL_BUILD */;
			targetProxy = 352161F5BCAE495AB23E83CD /* PBXContainerItemProxy */;
		};
		7403063A275649EFA3F3B28A /* PBXTargetDependency */ = {
			isa = PBXTargetDependency;
			target = 570D34DCDC95462681C81F77 /* ZERO_CHECK */;
			targetProxy = B275EAD9F503461791F48F97 /* PBXContainerItemProxy */;
		};
		867B3AB135EE440B9A864673 /* PBXTargetDependency */ = {
			isa = PBXTargetDependency;
			target = 69A09D42AD5D4A3DB9CF8DCC /* ALL_BUILD */;
			targetProxy = 46D20D14341849AD97896813 /* PBXContainerItemProxy */;
		};
		F97DF95F9F1740E394C44AF6 /* PBXTargetDependency */ = {
			isa = PBXTargetDependency;
			target = 570D34DCDC95462681C81F77 /* ZERO_CHECK */;
			targetProxy = 0072F3DB3EE44B449B07811E /* PBXContainerItemProxy */;
		};
/* End PBXTargetDependency section */

/* Begin XCBuildConfiguration section */
		001AD2CD2FCE45BE8C29285F /* Debug */ = {
			isa = XCBuildConfiguration;
			buildSettings = {
				COMBINE_HIDPI_IMAGES = YES;
				EXECUTABLE_PREFIX = lib;
				EXECUTABLE_SUFFIX = .a;
				GCC_GENERATE_DEBUGGING_SYMBOLS = YES;
				GCC_INLINES_ARE_PRIVATE_EXTERN = NO;
				GCC_OPTIMIZATION_LEVEL = 0;
				GCC_PREPROCESSOR_DEFINITIONS = ("'CMAKE_INTDIR=\"$(CONFIGURATION)$(EFFECTIVE_PLATFORM_NAME)\"'");
				GCC_SYMBOLS_PRIVATE_EXTERN = NO;
				HEADER_SEARCH_PATHS = (/Users/vector_cat/gits/bcClean/external/libigl/external/predicates,/Users/vector_cat/gits/bcClean/Xcode/predicates);
				INSTALL_PATH = "";
				LIBRARY_STYLE = STATIC;
				OTHER_CFLAGS = " -fPIC    -fPIC  ";
				OTHER_LIBTOOLFLAGS = " ";
				OTHER_REZFLAGS = "";
				PRODUCT_NAME = predicates;
				SECTORDER_FLAGS = "";
				SYMROOT = /Users/vector_cat/gits/bcClean/Xcode/predicates;
				USE_HEADERMAP = NO;
				WARNING_CFLAGS = ("-Wmost","-Wno-four-char-constants","-Wno-unknown-pragmas","$(inherited)");
			};
			name = Debug;
		};
		145782BC457C49F7BC14C541 /* RelWithDebInfo */ = {
			isa = XCBuildConfiguration;
			buildSettings = {
				COMBINE_HIDPI_IMAGES = YES;
				GCC_GENERATE_DEBUGGING_SYMBOLS = YES;
				GCC_INLINES_ARE_PRIVATE_EXTERN = NO;
				GCC_OPTIMIZATION_LEVEL = 0;
				GCC_PREPROCESSOR_DEFINITIONS = ("'CMAKE_INTDIR=\"$(CONFIGURATION)$(EFFECTIVE_PLATFORM_NAME)\"'");
				GCC_SYMBOLS_PRIVATE_EXTERN = NO;
				INSTALL_PATH = "";
				OTHER_LDFLAGS = " ";
				OTHER_REZFLAGS = "";
				PRODUCT_NAME = ZERO_CHECK;
				SECTORDER_FLAGS = "";
				SYMROOT = /Users/vector_cat/gits/bcClean/Xcode/predicates;
				USE_HEADERMAP = NO;
				WARNING_CFLAGS = ("-Wmost","-Wno-four-char-constants","-Wno-unknown-pragmas","$(inherited)");
			};
			name = RelWithDebInfo;
		};
		291C8933DFC24CB4841BE80C /* Debug */ = {
			isa = XCBuildConfiguration;
			buildSettings = {
				COMBINE_HIDPI_IMAGES = YES;
				GCC_GENERATE_DEBUGGING_SYMBOLS = YES;
				GCC_INLINES_ARE_PRIVATE_EXTERN = NO;
				GCC_OPTIMIZATION_LEVEL = 0;
				GCC_PREPROCESSOR_DEFINITIONS = ("'CMAKE_INTDIR=\"$(CONFIGURATION)$(EFFECTIVE_PLATFORM_NAME)\"'");
				GCC_SYMBOLS_PRIVATE_EXTERN = NO;
				INSTALL_PATH = "";
				OTHER_LDFLAGS = " ";
				OTHER_REZFLAGS = "";
				PRODUCT_NAME = ZERO_CHECK;
				SECTORDER_FLAGS = "";
				SYMROOT = /Users/vector_cat/gits/bcClean/Xcode/predicates;
				USE_HEADERMAP = NO;
				WARNING_CFLAGS = ("-Wmost","-Wno-four-char-constants","-Wno-unknown-pragmas","$(inherited)");
			};
			name = Debug;
		};
		2A7340773A74490293FF87C1 /* RelWithDebInfo */ = {
			isa = XCBuildConfiguration;
			buildSettings = {
				COMBINE_HIDPI_IMAGES = YES;
				GCC_GENERATE_DEBUGGING_SYMBOLS = YES;
				GCC_INLINES_ARE_PRIVATE_EXTERN = NO;
				GCC_OPTIMIZATION_LEVEL = 0;
				GCC_PREPROCESSOR_DEFINITIONS = ("'CMAKE_INTDIR=\"$(CONFIGURATION)$(EFFECTIVE_PLATFORM_NAME)\"'");
				GCC_SYMBOLS_PRIVATE_EXTERN = NO;
				INSTALL_PATH = "";
				OTHER_LDFLAGS = " ";
				OTHER_REZFLAGS = "";
				PRODUCT_NAME = install;
				SECTORDER_FLAGS = "";
				SYMROOT = /Users/vector_cat/gits/bcClean/Xcode/predicates;
				USE_HEADERMAP = NO;
				WARNING_CFLAGS = ("-Wmost","-Wno-four-char-constants","-Wno-unknown-pragmas","$(inherited)");
			};
			name = RelWithDebInfo;
		};
		33F10903B144449FA2D25F23 /* Release */ = {
			isa = XCBuildConfiguration;
			buildSettings = {
				COMBINE_HIDPI_IMAGES = YES;
				GCC_GENERATE_DEBUGGING_SYMBOLS = YES;
				GCC_INLINES_ARE_PRIVATE_EXTERN = NO;
				GCC_OPTIMIZATION_LEVEL = 0;
				GCC_PREPROCESSOR_DEFINITIONS = ("'CMAKE_INTDIR=\"$(CONFIGURATION)$(EFFECTIVE_PLATFORM_NAME)\"'");
				GCC_SYMBOLS_PRIVATE_EXTERN = NO;
				INSTALL_PATH = "";
				OTHER_LDFLAGS = " ";
				OTHER_REZFLAGS = "";
				PRODUCT_NAME = package;
				SECTORDER_FLAGS = "";
				SYMROOT = /Users/vector_cat/gits/bcClean/Xcode/predicates;
				USE_HEADERMAP = NO;
				WARNING_CFLAGS = ("-Wmost","-Wno-four-char-constants","-Wno-unknown-pragmas","$(inherited)");
			};
			name = Release;
		};
		3C81A7CF3CEB4636A48FDAB8 /* Release */ = {
			isa = XCBuildConfiguration;
			buildSettings = {
				COMBINE_HIDPI_IMAGES = YES;
				GCC_GENERATE_DEBUGGING_SYMBOLS = YES;
				GCC_INLINES_ARE_PRIVATE_EXTERN = NO;
				GCC_OPTIMIZATION_LEVEL = 0;
				GCC_PREPROCESSOR_DEFINITIONS = ("'CMAKE_INTDIR=\"$(CONFIGURATION)$(EFFECTIVE_PLATFORM_NAME)\"'");
				GCC_SYMBOLS_PRIVATE_EXTERN = NO;
				INSTALL_PATH = "";
				OTHER_LDFLAGS = " ";
				OTHER_REZFLAGS = "";
				PRODUCT_NAME = install;
				SECTORDER_FLAGS = "";
				SYMROOT = /Users/vector_cat/gits/bcClean/Xcode/predicates;
				USE_HEADERMAP = NO;
				WARNING_CFLAGS = ("-Wmost","-Wno-four-char-constants","-Wno-unknown-pragmas","$(inherited)");
			};
			name = Release;
		};
		52180CFA84714DCC97E600B9 /* RelWithDebInfo */ = {
			isa = XCBuildConfiguration;
			buildSettings = {
				ONLY_ACTIVE_ARCH = YES;
				SDKROOT = /Applications/Xcode.app/Contents/Developer/Platforms/MacOSX.platform/Developer/SDKs/MacOSX10.15.sdk;
				SYMROOT = /Users/vector_cat/gits/bcClean/Xcode/predicates/build;
			};
			name = RelWithDebInfo;
		};
		57F8FCDCD3644B88A08D4F51 /* Debug */ = {
			isa = XCBuildConfiguration;
			buildSettings = {
				COMBINE_HIDPI_IMAGES = YES;
				GCC_GENERATE_DEBUGGING_SYMBOLS = YES;
				GCC_INLINES_ARE_PRIVATE_EXTERN = NO;
				GCC_OPTIMIZATION_LEVEL = 0;
				GCC_PREPROCESSOR_DEFINITIONS = ("'CMAKE_INTDIR=\"$(CONFIGURATION)$(EFFECTIVE_PLATFORM_NAME)\"'");
				GCC_SYMBOLS_PRIVATE_EXTERN = NO;
				INSTALL_PATH = "";
				OTHER_LDFLAGS = " ";
				OTHER_REZFLAGS = "";
				PRODUCT_NAME = package;
				SECTORDER_FLAGS = "";
				SYMROOT = /Users/vector_cat/gits/bcClean/Xcode/predicates;
				USE_HEADERMAP = NO;
				WARNING_CFLAGS = ("-Wmost","-Wno-four-char-constants","-Wno-unknown-pragmas","$(inherited)");
			};
			name = Debug;
		};
		653CAEB34A714417861B1347 /* Release */ = {
			isa = XCBuildConfiguration;
			buildSettings = {
				ONLY_ACTIVE_ARCH = YES;
				SDKROOT = /Applications/Xcode.app/Contents/Developer/Platforms/MacOSX.platform/Developer/SDKs/MacOSX10.15.sdk;
				SYMROOT = /Users/vector_cat/gits/bcClean/Xcode/predicates/build;
			};
			name = Release;
		};
		75AEB295E6C54D8AB6D8597D /* MinSizeRel */ = {
			isa = XCBuildConfiguration;
			buildSettings = {
				COMBINE_HIDPI_IMAGES = YES;
				GCC_GENERATE_DEBUGGING_SYMBOLS = YES;
				GCC_INLINES_ARE_PRIVATE_EXTERN = NO;
				GCC_OPTIMIZATION_LEVEL = 0;
				GCC_PREPROCESSOR_DEFINITIONS = ("'CMAKE_INTDIR=\"$(CONFIGURATION)$(EFFECTIVE_PLATFORM_NAME)\"'");
				GCC_SYMBOLS_PRIVATE_EXTERN = NO;
				INSTALL_PATH = "";
				OTHER_LDFLAGS = " ";
				OTHER_REZFLAGS = "";
				PRODUCT_NAME = ALL_BUILD;
				SECTORDER_FLAGS = "";
				SYMROOT = /Users/vector_cat/gits/bcClean/Xcode/predicates;
				USE_HEADERMAP = NO;
				WARNING_CFLAGS = ("-Wmost","-Wno-four-char-constants","-Wno-unknown-pragmas","$(inherited)");
			};
			name = MinSizeRel;
		};
		8AFFA4CFCF79420A8255CBF4 /* RelWithDebInfo */ = {
			isa = XCBuildConfiguration;
			buildSettings = {
				COMBINE_HIDPI_IMAGES = YES;
				GCC_GENERATE_DEBUGGING_SYMBOLS = YES;
				GCC_INLINES_ARE_PRIVATE_EXTERN = NO;
				GCC_OPTIMIZATION_LEVEL = 0;
				GCC_PREPROCESSOR_DEFINITIONS = ("'CMAKE_INTDIR=\"$(CONFIGURATION)$(EFFECTIVE_PLATFORM_NAME)\"'");
				GCC_SYMBOLS_PRIVATE_EXTERN = NO;
				INSTALL_PATH = "";
				OTHER_LDFLAGS = " ";
				OTHER_REZFLAGS = "";
				PRODUCT_NAME = ALL_BUILD;
				SECTORDER_FLAGS = "";
				SYMROOT = /Users/vector_cat/gits/bcClean/Xcode/predicates;
				USE_HEADERMAP = NO;
				WARNING_CFLAGS = ("-Wmost","-Wno-four-char-constants","-Wno-unknown-pragmas","$(inherited)");
			};
			name = RelWithDebInfo;
		};
		9B0C272036D1479CA303B0AF /* MinSizeRel */ = {
			isa = XCBuildConfiguration;
			buildSettings = {
				ONLY_ACTIVE_ARCH = YES;
				SDKROOT = /Applications/Xcode.app/Contents/Developer/Platforms/MacOSX.platform/Developer/SDKs/MacOSX10.15.sdk;
				SYMROOT = /Users/vector_cat/gits/bcClean/Xcode/predicates/build;
			};
			name = MinSizeRel;
		};
		A0ACEADEAE7543CC8D33982C /* Debug */ = {
			isa = XCBuildConfiguration;
			buildSettings = {
				ONLY_ACTIVE_ARCH = YES;
				SDKROOT = /Applications/Xcode.app/Contents/Developer/Platforms/MacOSX.platform/Developer/SDKs/MacOSX10.15.sdk;
				SYMROOT = /Users/vector_cat/gits/bcClean/Xcode/predicates/build;
			};
			name = Debug;
		};
		A656C319A8D345A8B2781624 /* Release */ = {
			isa = XCBuildConfiguration;
			buildSettings = {
				COMBINE_HIDPI_IMAGES = YES;
				GCC_GENERATE_DEBUGGING_SYMBOLS = YES;
				GCC_INLINES_ARE_PRIVATE_EXTERN = NO;
				GCC_OPTIMIZATION_LEVEL = 0;
				GCC_PREPROCESSOR_DEFINITIONS = ("'CMAKE_INTDIR=\"$(CONFIGURATION)$(EFFECTIVE_PLATFORM_NAME)\"'");
				GCC_SYMBOLS_PRIVATE_EXTERN = NO;
				INSTALL_PATH = "";
				OTHER_LDFLAGS = " ";
				OTHER_REZFLAGS = "";
				PRODUCT_NAME = ZERO_CHECK;
				SECTORDER_FLAGS = "";
				SYMROOT = /Users/vector_cat/gits/bcClean/Xcode/predicates;
				USE_HEADERMAP = NO;
				WARNING_CFLAGS = ("-Wmost","-Wno-four-char-constants","-Wno-unknown-pragmas","$(inherited)");
			};
			name = Release;
		};
		AFF86EE7213B48348B8A43A2 /* MinSizeRel */ = {
			isa = XCBuildConfiguration;
			buildSettings = {
				COMBINE_HIDPI_IMAGES = YES;
				GCC_GENERATE_DEBUGGING_SYMBOLS = YES;
				GCC_INLINES_ARE_PRIVATE_EXTERN = NO;
				GCC_OPTIMIZATION_LEVEL = 0;
				GCC_PREPROCESSOR_DEFINITIONS = ("'CMAKE_INTDIR=\"$(CONFIGURATION)$(EFFECTIVE_PLATFORM_NAME)\"'");
				GCC_SYMBOLS_PRIVATE_EXTERN = NO;
				INSTALL_PATH = "";
				OTHER_LDFLAGS = " ";
				OTHER_REZFLAGS = "";
				PRODUCT_NAME = package;
				SECTORDER_FLAGS = "";
				SYMROOT = /Users/vector_cat/gits/bcClean/Xcode/predicates;
				USE_HEADERMAP = NO;
				WARNING_CFLAGS = ("-Wmost","-Wno-four-char-constants","-Wno-unknown-pragmas","$(inherited)");
			};
			name = MinSizeRel;
		};
		B88775C670B4469B9801CFA8 /* MinSizeRel */ = {
			isa = XCBuildConfiguration;
			buildSettings = {
				COMBINE_HIDPI_IMAGES = YES;
				GCC_GENERATE_DEBUGGING_SYMBOLS = YES;
				GCC_INLINES_ARE_PRIVATE_EXTERN = NO;
				GCC_OPTIMIZATION_LEVEL = 0;
				GCC_PREPROCESSOR_DEFINITIONS = ("'CMAKE_INTDIR=\"$(CONFIGURATION)$(EFFECTIVE_PLATFORM_NAME)\"'");
				GCC_SYMBOLS_PRIVATE_EXTERN = NO;
				INSTALL_PATH = "";
				OTHER_LDFLAGS = " ";
				OTHER_REZFLAGS = "";
				PRODUCT_NAME = ZERO_CHECK;
				SECTORDER_FLAGS = "";
				SYMROOT = /Users/vector_cat/gits/bcClean/Xcode/predicates;
				USE_HEADERMAP = NO;
				WARNING_CFLAGS = ("-Wmost","-Wno-four-char-constants","-Wno-unknown-pragmas","$(inherited)");
			};
			name = MinSizeRel;
		};
		CA05E365740541D69E23368D /* Debug */ = {
			isa = XCBuildConfiguration;
			buildSettings = {
				COMBINE_HIDPI_IMAGES = YES;
				GCC_GENERATE_DEBUGGING_SYMBOLS = YES;
				GCC_INLINES_ARE_PRIVATE_EXTERN = NO;
				GCC_OPTIMIZATION_LEVEL = 0;
				GCC_PREPROCESSOR_DEFINITIONS = ("'CMAKE_INTDIR=\"$(CONFIGURATION)$(EFFECTIVE_PLATFORM_NAME)\"'");
				GCC_SYMBOLS_PRIVATE_EXTERN = NO;
				INSTALL_PATH = "";
				OTHER_LDFLAGS = " ";
				OTHER_REZFLAGS = "";
				PRODUCT_NAME = install;
				SECTORDER_FLAGS = "";
				SYMROOT = /Users/vector_cat/gits/bcClean/Xcode/predicates;
				USE_HEADERMAP = NO;
				WARNING_CFLAGS = ("-Wmost","-Wno-four-char-constants","-Wno-unknown-pragmas","$(inherited)");
			};
			name = Debug;
		};
		DC3F484FE66E4ACB9ECCBFFA /* Release */ = {
			isa = XCBuildConfiguration;
			buildSettings = {
				COMBINE_HIDPI_IMAGES = YES;
				GCC_GENERATE_DEBUGGING_SYMBOLS = YES;
				GCC_INLINES_ARE_PRIVATE_EXTERN = NO;
				GCC_OPTIMIZATION_LEVEL = 0;
				GCC_PREPROCESSOR_DEFINITIONS = ("'CMAKE_INTDIR=\"$(CONFIGURATION)$(EFFECTIVE_PLATFORM_NAME)\"'");
				GCC_SYMBOLS_PRIVATE_EXTERN = NO;
				INSTALL_PATH = "";
				OTHER_LDFLAGS = " ";
				OTHER_REZFLAGS = "";
				PRODUCT_NAME = RUN_TESTS;
				SECTORDER_FLAGS = "";
				SYMROOT = /Users/vector_cat/gits/bcClean/Xcode/predicates;
				USE_HEADERMAP = NO;
				WARNING_CFLAGS = ("-Wmost","-Wno-four-char-constants","-Wno-unknown-pragmas","$(inherited)");
			};
			name = Release;
		};
		DC9A01C386974CFCA55EAA10 /* Debug */ = {
			isa = XCBuildConfiguration;
			buildSettings = {
				COMBINE_HIDPI_IMAGES = YES;
				GCC_GENERATE_DEBUGGING_SYMBOLS = YES;
				GCC_INLINES_ARE_PRIVATE_EXTERN = NO;
				GCC_OPTIMIZATION_LEVEL = 0;
				GCC_PREPROCESSOR_DEFINITIONS = ("'CMAKE_INTDIR=\"$(CONFIGURATION)$(EFFECTIVE_PLATFORM_NAME)\"'");
				GCC_SYMBOLS_PRIVATE_EXTERN = NO;
				INSTALL_PATH = "";
				OTHER_LDFLAGS = " ";
				OTHER_REZFLAGS = "";
				PRODUCT_NAME = RUN_TESTS;
				SECTORDER_FLAGS = "";
				SYMROOT = /Users/vector_cat/gits/bcClean/Xcode/predicates;
				USE_HEADERMAP = NO;
				WARNING_CFLAGS = ("-Wmost","-Wno-four-char-constants","-Wno-unknown-pragmas","$(inherited)");
			};
			name = Debug;
		};
		E0888D6DC13941FCB4B494EB /* Debug */ = {
			isa = XCBuildConfiguration;
			buildSettings = {
				COMBINE_HIDPI_IMAGES = YES;
				GCC_GENERATE_DEBUGGING_SYMBOLS = YES;
				GCC_INLINES_ARE_PRIVATE_EXTERN = NO;
				GCC_OPTIMIZATION_LEVEL = 0;
				GCC_PREPROCESSOR_DEFINITIONS = ("'CMAKE_INTDIR=\"$(CONFIGURATION)$(EFFECTIVE_PLATFORM_NAME)\"'");
				GCC_SYMBOLS_PRIVATE_EXTERN = NO;
				INSTALL_PATH = "";
				OTHER_LDFLAGS = " ";
				OTHER_REZFLAGS = "";
				PRODUCT_NAME = ALL_BUILD;
				SECTORDER_FLAGS = "";
				SYMROOT = /Users/vector_cat/gits/bcClean/Xcode/predicates;
				USE_HEADERMAP = NO;
				WARNING_CFLAGS = ("-Wmost","-Wno-four-char-constants","-Wno-unknown-pragmas","$(inherited)");
			};
			name = Debug;
		};
		E6603F8B6D06409FAB5B1CE8 /* Release */ = {
			isa = XCBuildConfiguration;
			buildSettings = {
				COMBINE_HIDPI_IMAGES = YES;
				EXECUTABLE_PREFIX = lib;
				EXECUTABLE_SUFFIX = .a;
				GCC_GENERATE_DEBUGGING_SYMBOLS = NO;
				GCC_INLINES_ARE_PRIVATE_EXTERN = NO;
				GCC_OPTIMIZATION_LEVEL = 3;
				GCC_PREPROCESSOR_DEFINITIONS = ("'CMAKE_INTDIR=\"$(CONFIGURATION)$(EFFECTIVE_PLATFORM_NAME)\"'");
				GCC_SYMBOLS_PRIVATE_EXTERN = NO;
				HEADER_SEARCH_PATHS = (/Users/vector_cat/gits/bcClean/external/libigl/external/predicates,/Users/vector_cat/gits/bcClean/Xcode/predicates);
				INSTALL_PATH = "";
				LIBRARY_STYLE = STATIC;
				OTHER_CFLAGS = " -fPIC     -DNDEBUG -fPIC  ";
				OTHER_LIBTOOLFLAGS = " ";
				OTHER_REZFLAGS = "";
				PRODUCT_NAME = predicates;
				SECTORDER_FLAGS = "";
				SYMROOT = /Users/vector_cat/gits/bcClean/Xcode/predicates;
				USE_HEADERMAP = NO;
				WARNING_CFLAGS = ("-Wmost","-Wno-four-char-constants","-Wno-unknown-pragmas","$(inherited)");
			};
			name = Release;
		};
		E736E2D9544E446288E35688 /* RelWithDebInfo */ = {
			isa = XCBuildConfiguration;
			buildSettings = {
				COMBINE_HIDPI_IMAGES = YES;
				GCC_GENERATE_DEBUGGING_SYMBOLS = YES;
				GCC_INLINES_ARE_PRIVATE_EXTERN = NO;
				GCC_OPTIMIZATION_LEVEL = 0;
				GCC_PREPROCESSOR_DEFINITIONS = ("'CMAKE_INTDIR=\"$(CONFIGURATION)$(EFFECTIVE_PLATFORM_NAME)\"'");
				GCC_SYMBOLS_PRIVATE_EXTERN = NO;
				INSTALL_PATH = "";
				OTHER_LDFLAGS = " ";
				OTHER_REZFLAGS = "";
				PRODUCT_NAME = RUN_TESTS;
				SECTORDER_FLAGS = "";
				SYMROOT = /Users/vector_cat/gits/bcClean/Xcode/predicates;
				USE_HEADERMAP = NO;
				WARNING_CFLAGS = ("-Wmost","-Wno-four-char-constants","-Wno-unknown-pragmas","$(inherited)");
			};
			name = RelWithDebInfo;
		};
		E8640CB4B0E44F67A3E6675A /* MinSizeRel */ = {
			isa = XCBuildConfiguration;
			buildSettings = {
				COMBINE_HIDPI_IMAGES = YES;
				GCC_GENERATE_DEBUGGING_SYMBOLS = YES;
				GCC_INLINES_ARE_PRIVATE_EXTERN = NO;
				GCC_OPTIMIZATION_LEVEL = 0;
				GCC_PREPROCESSOR_DEFINITIONS = ("'CMAKE_INTDIR=\"$(CONFIGURATION)$(EFFECTIVE_PLATFORM_NAME)\"'");
				GCC_SYMBOLS_PRIVATE_EXTERN = NO;
				INSTALL_PATH = "";
				OTHER_LDFLAGS = " ";
				OTHER_REZFLAGS = "";
				PRODUCT_NAME = RUN_TESTS;
				SECTORDER_FLAGS = "";
				SYMROOT = /Users/vector_cat/gits/bcClean/Xcode/predicates;
				USE_HEADERMAP = NO;
				WARNING_CFLAGS = ("-Wmost","-Wno-four-char-constants","-Wno-unknown-pragmas","$(inherited)");
			};
			name = MinSizeRel;
		};
		EA2232DBCC174F3BA6EFC698 /* MinSizeRel */ = {
			isa = XCBuildConfiguration;
			buildSettings = {
				COMBINE_HIDPI_IMAGES = YES;
				GCC_GENERATE_DEBUGGING_SYMBOLS = YES;
				GCC_INLINES_ARE_PRIVATE_EXTERN = NO;
				GCC_OPTIMIZATION_LEVEL = 0;
				GCC_PREPROCESSOR_DEFINITIONS = ("'CMAKE_INTDIR=\"$(CONFIGURATION)$(EFFECTIVE_PLATFORM_NAME)\"'");
				GCC_SYMBOLS_PRIVATE_EXTERN = NO;
				INSTALL_PATH = "";
				OTHER_LDFLAGS = " ";
				OTHER_REZFLAGS = "";
				PRODUCT_NAME = install;
				SECTORDER_FLAGS = "";
				SYMROOT = /Users/vector_cat/gits/bcClean/Xcode/predicates;
				USE_HEADERMAP = NO;
				WARNING_CFLAGS = ("-Wmost","-Wno-four-char-constants","-Wno-unknown-pragmas","$(inherited)");
			};
			name = MinSizeRel;
		};
		EE95AF9F83CE4B2ABEFE2A6E /* Release */ = {
			isa = XCBuildConfiguration;
			buildSettings = {
				COMBINE_HIDPI_IMAGES = YES;
				GCC_GENERATE_DEBUGGING_SYMBOLS = YES;
				GCC_INLINES_ARE_PRIVATE_EXTERN = NO;
				GCC_OPTIMIZATION_LEVEL = 0;
				GCC_PREPROCESSOR_DEFINITIONS = ("'CMAKE_INTDIR=\"$(CONFIGURATION)$(EFFECTIVE_PLATFORM_NAME)\"'");
				GCC_SYMBOLS_PRIVATE_EXTERN = NO;
				INSTALL_PATH = "";
				OTHER_LDFLAGS = " ";
				OTHER_REZFLAGS = "";
				PRODUCT_NAME = ALL_BUILD;
				SECTORDER_FLAGS = "";
				SYMROOT = /Users/vector_cat/gits/bcClean/Xcode/predicates;
				USE_HEADERMAP = NO;
				WARNING_CFLAGS = ("-Wmost","-Wno-four-char-constants","-Wno-unknown-pragmas","$(inherited)");
			};
			name = Release;
		};
		F63794AEB21D41CC86F2012E /* RelWithDebInfo */ = {
			isa = XCBuildConfiguration;
			buildSettings = {
				COMBINE_HIDPI_IMAGES = YES;
				EXECUTABLE_PREFIX = lib;
				EXECUTABLE_SUFFIX = .a;
				GCC_GENERATE_DEBUGGING_SYMBOLS = YES;
				GCC_INLINES_ARE_PRIVATE_EXTERN = NO;
				GCC_OPTIMIZATION_LEVEL = 2;
				GCC_PREPROCESSOR_DEFINITIONS = ("'CMAKE_INTDIR=\"$(CONFIGURATION)$(EFFECTIVE_PLATFORM_NAME)\"'");
				GCC_SYMBOLS_PRIVATE_EXTERN = NO;
				HEADER_SEARCH_PATHS = (/Users/vector_cat/gits/bcClean/external/libigl/external/predicates,/Users/vector_cat/gits/bcClean/Xcode/predicates);
				INSTALL_PATH = "";
				LIBRARY_STYLE = STATIC;
				OTHER_CFLAGS = " -fPIC        -DNDEBUG -fPIC  ";
				OTHER_LIBTOOLFLAGS = " ";
				OTHER_REZFLAGS = "";
				PRODUCT_NAME = predicates;
				SECTORDER_FLAGS = "";
				SYMROOT = /Users/vector_cat/gits/bcClean/Xcode/predicates;
				USE_HEADERMAP = NO;
				WARNING_CFLAGS = ("-Wmost","-Wno-four-char-constants","-Wno-unknown-pragmas","$(inherited)");
			};
			name = RelWithDebInfo;
		};
		F6CF51C7FE004131A2CD2F7D /* MinSizeRel */ = {
			isa = XCBuildConfiguration;
			buildSettings = {
				COMBINE_HIDPI_IMAGES = YES;
				EXECUTABLE_PREFIX = lib;
				EXECUTABLE_SUFFIX = .a;
				GCC_GENERATE_DEBUGGING_SYMBOLS = NO;
				GCC_INLINES_ARE_PRIVATE_EXTERN = NO;
				GCC_OPTIMIZATION_LEVEL = s;
				GCC_PREPROCESSOR_DEFINITIONS = ("'CMAKE_INTDIR=\"$(CONFIGURATION)$(EFFECTIVE_PLATFORM_NAME)\"'");
				GCC_SYMBOLS_PRIVATE_EXTERN = NO;
				HEADER_SEARCH_PATHS = (/Users/vector_cat/gits/bcClean/external/libigl/external/predicates,/Users/vector_cat/gits/bcClean/Xcode/predicates);
				INSTALL_PATH = "";
				LIBRARY_STYLE = STATIC;
				OTHER_CFLAGS = " -fPIC     -DNDEBUG -fPIC  ";
				OTHER_LIBTOOLFLAGS = " ";
				OTHER_REZFLAGS = "";
				PRODUCT_NAME = predicates;
				SECTORDER_FLAGS = "";
				SYMROOT = /Users/vector_cat/gits/bcClean/Xcode/predicates;
				USE_HEADERMAP = NO;
				WARNING_CFLAGS = ("-Wmost","-Wno-four-char-constants","-Wno-unknown-pragmas","$(inherited)");
			};
			name = MinSizeRel;
		};
		FAA0CCA04E9C47D6AF52DAB1 /* RelWithDebInfo */ = {
			isa = XCBuildConfiguration;
			buildSettings = {
				COMBINE_HIDPI_IMAGES = YES;
				GCC_GENERATE_DEBUGGING_SYMBOLS = YES;
				GCC_INLINES_ARE_PRIVATE_EXTERN = NO;
				GCC_OPTIMIZATION_LEVEL = 0;
				GCC_PREPROCESSOR_DEFINITIONS = ("'CMAKE_INTDIR=\"$(CONFIGURATION)$(EFFECTIVE_PLATFORM_NAME)\"'");
				GCC_SYMBOLS_PRIVATE_EXTERN = NO;
				INSTALL_PATH = "";
				OTHER_LDFLAGS = " ";
				OTHER_REZFLAGS = "";
				PRODUCT_NAME = package;
				SECTORDER_FLAGS = "";
				SYMROOT = /Users/vector_cat/gits/bcClean/Xcode/predicates;
				USE_HEADERMAP = NO;
				WARNING_CFLAGS = ("-Wmost","-Wno-four-char-constants","-Wno-unknown-pragmas","$(inherited)");
			};
			name = RelWithDebInfo;
		};
/* End XCBuildConfiguration section */

/* Begin XCConfigurationList section */
		0ABB2CD260B34BF490F5DBC0 /* Build configuration list for PBXAggregateTarget "RUN_TESTS" */ = {
			isa = XCConfigurationList;
			buildConfigurations = (
				DC9A01C386974CFCA55EAA10 /* Debug */,
				DC3F484FE66E4ACB9ECCBFFA /* Release */,
				E8640CB4B0E44F67A3E6675A /* MinSizeRel */,
				E736E2D9544E446288E35688 /* RelWithDebInfo */,
			);
			defaultConfigurationIsVisible = 0;
			defaultConfigurationName = Debug;
		};
		20F10BDE5FD04ABDA7DB65C9 /* Build configuration list for PBXAggregateTarget "ALL_BUILD" */ = {
			isa = XCConfigurationList;
			buildConfigurations = (
				E0888D6DC13941FCB4B494EB /* Debug */,
				EE95AF9F83CE4B2ABEFE2A6E /* Release */,
				75AEB295E6C54D8AB6D8597D /* MinSizeRel */,
				8AFFA4CFCF79420A8255CBF4 /* RelWithDebInfo */,
			);
			defaultConfigurationIsVisible = 0;
			defaultConfigurationName = Debug;
		};
		262574054C93449BB9CA6F4E /* Build configuration list for PBXAggregateTarget "package" */ = {
			isa = XCConfigurationList;
			buildConfigurations = (
				57F8FCDCD3644B88A08D4F51 /* Debug */,
				33F10903B144449FA2D25F23 /* Release */,
				AFF86EE7213B48348B8A43A2 /* MinSizeRel */,
				FAA0CCA04E9C47D6AF52DAB1 /* RelWithDebInfo */,
			);
			defaultConfigurationIsVisible = 0;
			defaultConfigurationName = Debug;
		};
		42183DCA6CC5443498B4E164 /* Build configuration list for PBXAggregateTarget "install" */ = {
			isa = XCConfigurationList;
			buildConfigurations = (
				CA05E365740541D69E23368D /* Debug */,
				3C81A7CF3CEB4636A48FDAB8 /* Release */,
				EA2232DBCC174F3BA6EFC698 /* MinSizeRel */,
				2A7340773A74490293FF87C1 /* RelWithDebInfo */,
			);
			defaultConfigurationIsVisible = 0;
			defaultConfigurationName = Debug;
		};
		4A87C2DD052B4693B5708F9C /* Build configuration list for PBXAggregateTarget "ZERO_CHECK" */ = {
			isa = XCConfigurationList;
			buildConfigurations = (
				291C8933DFC24CB4841BE80C /* Debug */,
				A656C319A8D345A8B2781624 /* Release */,
				B88775C670B4469B9801CFA8 /* MinSizeRel */,
				145782BC457C49F7BC14C541 /* RelWithDebInfo */,
			);
			defaultConfigurationIsVisible = 0;
			defaultConfigurationName = Debug;
		};
		8A35F5D7F3664AB6B95091B1 /* Build configuration list for PBXProject "predicates" */ = {
			isa = XCConfigurationList;
			buildConfigurations = (
				A0ACEADEAE7543CC8D33982C /* Debug */,
				653CAEB34A714417861B1347 /* Release */,
				9B0C272036D1479CA303B0AF /* MinSizeRel */,
				52180CFA84714DCC97E600B9 /* RelWithDebInfo */,
			);
			defaultConfigurationIsVisible = 0;
			defaultConfigurationName = Debug;
		};
		CDECB24177384B209C296688 /* Build configuration list for PBXNativeTarget "predicates" */ = {
			isa = XCConfigurationList;
			buildConfigurations = (
				001AD2CD2FCE45BE8C29285F /* Debug */,
				E6603F8B6D06409FAB5B1CE8 /* Release */,
				F6CF51C7FE004131A2CD2F7D /* MinSizeRel */,
				F63794AEB21D41CC86F2012E /* RelWithDebInfo */,
			);
			defaultConfigurationIsVisible = 0;
			defaultConfigurationName = Debug;
		};
/* End XCConfigurationList section */
	};
	rootObject = DE1318311E48408E9CA25F69 /* Project object */;
}
