// !$*UTF8*$!
{
	archiveVersion = 1;
	classes = {
	};
	objectVersion = 46;
	objects = {

/* Begin PBXAggregateTarget section */
		5631A3BB9033480AA1604560 /* package */ = {
			isa = PBXAggregateTarget;
			buildConfigurationList = 1ECF3DE402D346D7B2035B64 /* Build configuration list for PBXAggregateTarget "package" */;
			buildPhases = (
				C20B992CC81E40DDA43AC892 /* CMake PostBuild Rules */,
			);
			dependencies = (
				07BEE76E33EE47D2AD6B6A23 /* PBXTargetDependency */,
			);
			name = package;
			productName = package;
		};
		570D34DCDC95462681C81F77 /* ZERO_CHECK */ = {
			isa = PBXAggregateTarget;
			buildConfigurationList = 2FFA1DC3D8C0455FB83095E8 /* Build configuration list for PBXAggregateTarget "ZERO_CHECK" */;
			buildPhases = (
				97DC98D5437C4B4896B3E297 /* CMake Rules */,
			);
			dependencies = (
			);
			name = ZERO_CHECK;
			productName = ZERO_CHECK;
		};
		5761ACF60F514ECC9D7A025F /* install */ = {
			isa = PBXAggregateTarget;
			buildConfigurationList = 5931F47CDADF4C4193FAEDA6 /* Build configuration list for PBXAggregateTarget "install" */;
			buildPhases = (
				1529FBC603B74EB492C2A759 /* CMake PostBuild Rules */,
			);
			dependencies = (
				AC9DA680B4704CC4B710F492 /* PBXTargetDependency */,
			);
			name = install;
			productName = install;
		};
		69A09D42AD5D4A3DB9CF8DCC /* ALL_BUILD */ = {
			isa = PBXAggregateTarget;
			buildConfigurationList = B87D20F801E14CC0AF9F6647 /* Build configuration list for PBXAggregateTarget "ALL_BUILD" */;
			buildPhases = (
				234A5BFCC79C4D37BFD0D71E /* CMake Rules */,
			);
			dependencies = (
				08BF4FDE21FD4B4383EDFE3A /* PBXTargetDependency */,
				0BB00FFECAB644C689F1C027 /* PBXTargetDependency */,
			);
			name = ALL_BUILD;
			productName = ALL_BUILD;
		};
		8877F7358DBB4DDCBD06BEB3 /* RUN_TESTS */ = {
			isa = PBXAggregateTarget;
			buildConfigurationList = 5ADFB1EE4CF24522AAB14407 /* Build configuration list for PBXAggregateTarget "RUN_TESTS" */;
			buildPhases = (
				A1430D102B2043AE9E55A7F4 /* CMake PostBuild Rules */,
			);
			dependencies = (
			);
			name = RUN_TESTS;
			productName = RUN_TESTS;
		};
/* End PBXAggregateTarget section */

/* Begin PBXBuildFile section */
		0709CFA93A8A42ADA069164F /* /Users/vector_cat/gits/bcClean/external/libigl/external/glfw/include/GLFW/glfw3native.h */ = {isa = PBXBuildFile; fileRef = B68DF570BC744CA48EF96C52 /* /Users/vector_cat/gits/bcClean/external/libigl/external/glfw/include/GLFW/glfw3native.h */; };
		0CF7F0598A5F4609B663A53E /* /Users/vector_cat/gits/bcClean/external/libigl/external/glfw/src/window.c */ = {isa = PBXBuildFile; fileRef = 4FF3A2D1BA1142518AE7B8B6 /* /Users/vector_cat/gits/bcClean/external/libigl/external/glfw/src/window.c */; settings = {COMPILER_FLAGS = "-Wdeclaration-after-statement"; }; };
		17B2DA334C70432B91C2658F /* /Users/vector_cat/gits/bcClean/external/libigl/external/glfw/src/input.c */ = {isa = PBXBuildFile; fileRef = 968FC71C3C7A47F48C3C9D3D /* /Users/vector_cat/gits/bcClean/external/libigl/external/glfw/src/input.c */; settings = {COMPILER_FLAGS = "-Wdeclaration-after-statement"; }; };
		1A4267ABE0174BB490E8A073 /* /Users/vector_cat/gits/bcClean/external/libigl/external/glfw/src/posix_thread.c */ = {isa = PBXBuildFile; fileRef = B143EDC9D7B84EAAACA4148E /* /Users/vector_cat/gits/bcClean/external/libigl/external/glfw/src/posix_thread.c */; };
		254D19145E9845139B813FBC /* /Users/vector_cat/gits/bcClean/external/libigl/external/glfw/src/mappings.h */ = {isa = PBXBuildFile; fileRef = 5F100FAD471E43C3BCE126BB /* /Users/vector_cat/gits/bcClean/external/libigl/external/glfw/src/mappings.h */; };
		25D5D63091E345599B53EBA7 /* /Users/vector_cat/gits/bcClean/external/libigl/external/glfw/src/egl_context.c */ = {isa = PBXBuildFile; fileRef = 52A2DAE32D8A4E58AEF07CB0 /* /Users/vector_cat/gits/bcClean/external/libigl/external/glfw/src/egl_context.c */; };
		4DAEC698B8AB42F48F33EFDD /* /Users/vector_cat/gits/bcClean/external/libigl/external/glfw/src/vulkan.c */ = {isa = PBXBuildFile; fileRef = 1368D97131AF4E9BB6E4E410 /* /Users/vector_cat/gits/bcClean/external/libigl/external/glfw/src/vulkan.c */; settings = {COMPILER_FLAGS = "-Wdeclaration-after-statement"; }; };
		4F96A0EA1C86455A974B6C64 /* /Users/vector_cat/gits/bcClean/external/libigl/external/glfw/src/cocoa_init.m */ = {isa = PBXBuildFile; fileRef = 6E60CB6BC2DD44A2BDED8F1C /* /Users/vector_cat/gits/bcClean/external/libigl/external/glfw/src/cocoa_init.m */; };
		5ED74E4DB5E2490CA0682AE6 /* /Users/vector_cat/gits/bcClean/external/libigl/external/glfw/src/posix_thread.h */ = {isa = PBXBuildFile; fileRef = 1132CA9003A14066BCC5B5DF /* /Users/vector_cat/gits/bcClean/external/libigl/external/glfw/src/posix_thread.h */; };
		62E34E221E504C5C95FDCAD3 /* /Users/vector_cat/gits/bcClean/external/libigl/external/glfw/src/CMakeLists.txt */ = {isa = PBXBuildFile; fileRef = 758AB96AFE06452D9704E1BB /* /Users/vector_cat/gits/bcClean/external/libigl/external/glfw/src/CMakeLists.txt */; };
		64AFAABC0C2D4341892DBF48 /* /Users/vector_cat/gits/bcClean/Xcode/glfw/src/glfw_config.h */ = {isa = PBXBuildFile; fileRef = 17A65FEB2FC045B6806872DC /* /Users/vector_cat/gits/bcClean/Xcode/glfw/src/glfw_config.h */; };
		68064B3ABE704698AB801B05 /* /Users/vector_cat/gits/bcClean/external/libigl/external/glfw/src/cocoa_window.m */ = {isa = PBXBuildFile; fileRef = 99E096CB8A334ED48D69FD16 /* /Users/vector_cat/gits/bcClean/external/libigl/external/glfw/src/cocoa_window.m */; };
		6A541DDD2762470E89BB9E20 /* /Users/vector_cat/gits/bcClean/external/libigl/external/glfw/src/cocoa_time.c */ = {isa = PBXBuildFile; fileRef = 97ECA0E569AB46019DEBD756 /* /Users/vector_cat/gits/bcClean/external/libigl/external/glfw/src/cocoa_time.c */; };
		6CD9132733A04B32988E4AEA /* /Users/vector_cat/gits/bcClean/external/libigl/external/glfw/src/monitor.c */ = {isa = PBXBuildFile; fileRef = 8DA03D033C574317B0EE3532 /* /Users/vector_cat/gits/bcClean/external/libigl/external/glfw/src/monitor.c */; settings = {COMPILER_FLAGS = "-Wdeclaration-after-statement"; }; };
		71221C6D88574AE6BFCCC300 /* /Users/vector_cat/gits/bcClean/external/libigl/external/glfw/src/init.c */ = {isa = PBXBuildFile; fileRef = 7E9CD5F723D3411F80F694D0 /* /Users/vector_cat/gits/bcClean/external/libigl/external/glfw/src/init.c */; settings = {COMPILER_FLAGS = "-Wdeclaration-after-statement"; }; };
		7A94335CF5864A8386CA75E5 /* /Users/vector_cat/gits/bcClean/external/libigl/external/glfw/src/osmesa_context.c */ = {isa = PBXBuildFile; fileRef = AF9435C153884F47B9515D9E /* /Users/vector_cat/gits/bcClean/external/libigl/external/glfw/src/osmesa_context.c */; };
		84EB5617C00846F19F2EB226 /* /Users/vector_cat/gits/bcClean/external/libigl/external/glfw/src/nsgl_context.h */ = {isa = PBXBuildFile; fileRef = BCAB6085CFA14EE28AC838BD /* /Users/vector_cat/gits/bcClean/external/libigl/external/glfw/src/nsgl_context.h */; };
		8E8572AF7D8C4330BEB0F3DD /* /Users/vector_cat/gits/bcClean/external/libigl/external/glfw/src/egl_context.h */ = {isa = PBXBuildFile; fileRef = 857548FDC13444AA903333E3 /* /Users/vector_cat/gits/bcClean/external/libigl/external/glfw/src/egl_context.h */; };
		A3B4590C1E654B688BFA8D61 /* /Users/vector_cat/gits/bcClean/external/libigl/external/glfw/src/cocoa_joystick.m */ = {isa = PBXBuildFile; fileRef = 5030324EB2B14DA59D2829CF /* /Users/vector_cat/gits/bcClean/external/libigl/external/glfw/src/cocoa_joystick.m */; };
		B55EDB6795284ED1A4F20066 /* /Users/vector_cat/gits/bcClean/external/libigl/external/glfw/src/cocoa_monitor.m */ = {isa = PBXBuildFile; fileRef = F49984A922BC4C7BAF032A73 /* /Users/vector_cat/gits/bcClean/external/libigl/external/glfw/src/cocoa_monitor.m */; };
		C8C6F19292304730BF44D581 /* /Users/vector_cat/gits/bcClean/external/libigl/external/glfw/src/internal.h */ = {isa = PBXBuildFile; fileRef = F8F31E452FD84CDA98C398C1 /* /Users/vector_cat/gits/bcClean/external/libigl/external/glfw/src/internal.h */; };
		CA587A4D148142818D26E6EB /* /Users/vector_cat/gits/bcClean/external/libigl/external/glfw/src/nsgl_context.m */ = {isa = PBXBuildFile; fileRef = 8F5E7A1FA0E74DA08113D908 /* /Users/vector_cat/gits/bcClean/external/libigl/external/glfw/src/nsgl_context.m */; };
		D1F112E043A941CA85AB34B8 /* /Users/vector_cat/gits/bcClean/external/libigl/external/glfw/include/GLFW/glfw3.h */ = {isa = PBXBuildFile; fileRef = 181C3FDF7AD5419E8B3500E6 /* /Users/vector_cat/gits/bcClean/external/libigl/external/glfw/include/GLFW/glfw3.h */; };
		E87F36E9052248B993B9B2B0 /* /Users/vector_cat/gits/bcClean/external/libigl/external/glfw/src/osmesa_context.h */ = {isa = PBXBuildFile; fileRef = 4306492F04244B45B8081D8B /* /Users/vector_cat/gits/bcClean/external/libigl/external/glfw/src/osmesa_context.h */; };
		F54144B8BEEA4E3D86CCCB47 /* /Users/vector_cat/gits/bcClean/external/libigl/external/glfw/src/cocoa_joystick.h */ = {isa = PBXBuildFile; fileRef = 30294B58822E4D6DA8974BCD /* /Users/vector_cat/gits/bcClean/external/libigl/external/glfw/src/cocoa_joystick.h */; };
		F8595BCED34F4557B90029A4 /* /Users/vector_cat/gits/bcClean/external/libigl/external/glfw/src/context.c */ = {isa = PBXBuildFile; fileRef = 1067FEB23725407091142B43 /* /Users/vector_cat/gits/bcClean/external/libigl/external/glfw/src/context.c */; settings = {COMPILER_FLAGS = "-Wdeclaration-after-statement"; }; };
		F8B0632998C8479CBF95D891 /* /Users/vector_cat/gits/bcClean/external/libigl/external/glfw/src/cocoa_platform.h */ = {isa = PBXBuildFile; fileRef = 9E8061559EB942A8822EE6E6 /* /Users/vector_cat/gits/bcClean/external/libigl/external/glfw/src/cocoa_platform.h */; };
/* End PBXBuildFile section */

/* Begin PBXBuildStyle section */
		4B9E291E8FE7466AACEA1EDB /* RelWithDebInfo */ = {
			isa = PBXBuildStyle;
			buildSettings = {
				COPY_PHASE_STRIP = NO;
			};
			name = RelWithDebInfo;
		};
		4EDA44E5E8804569A7C3DFD2 /* MinSizeRel */ = {
			isa = PBXBuildStyle;
			buildSettings = {
				COPY_PHASE_STRIP = NO;
			};
			name = MinSizeRel;
		};
		CAB6F266F1D7498C8B05CC3E /* Release */ = {
			isa = PBXBuildStyle;
			buildSettings = {
				COPY_PHASE_STRIP = NO;
			};
			name = Release;
		};
		CD5401B6F9BB4486A96E6F1D /* Debug */ = {
			isa = PBXBuildStyle;
			buildSettings = {
				COPY_PHASE_STRIP = NO;
			};
			name = Debug;
		};
/* End PBXBuildStyle section */

/* Begin PBXContainerItemProxy section */
		6398CD28ADFC4FD9AEF04C3E /* PBXContainerItemProxy */ = {
			isa = PBXContainerItemProxy;
			containerPortal = 705C6DA8120A4EAF925467C2 /* Project object */;
			proxyType = 1;
			remoteGlobalIDString = 570D34DCDC95462681C81F77;
			remoteInfo = ZERO_CHECK;
		};
		93BB2E038A4F446083BEA664 /* PBXContainerItemProxy */ = {
			isa = PBXContainerItemProxy;
			containerPortal = 705C6DA8120A4EAF925467C2 /* Project object */;
			proxyType = 1;
			remoteGlobalIDString = 69A09D42AD5D4A3DB9CF8DCC;
			remoteInfo = ALL_BUILD;
		};
		C027662A21B7413D900CF76A /* PBXContainerItemProxy */ = {
			isa = PBXContainerItemProxy;
			containerPortal = 705C6DA8120A4EAF925467C2 /* Project object */;
			proxyType = 1;
			remoteGlobalIDString = 7ED0693BA2B448FCA56E99F9;
			remoteInfo = glfw;
		};
		F34D7AA2923B448289B926AA /* PBXContainerItemProxy */ = {
			isa = PBXContainerItemProxy;
			containerPortal = 705C6DA8120A4EAF925467C2 /* Project object */;
			proxyType = 1;
			remoteGlobalIDString = 69A09D42AD5D4A3DB9CF8DCC;
			remoteInfo = ALL_BUILD;
		};
/* End PBXContainerItemProxy section */

/* Begin PBXFileReference section */
		1067FEB23725407091142B43 /* /Users/vector_cat/gits/bcClean/external/libigl/external/glfw/src/context.c */ = {isa = PBXFileReference; explicitFileType = sourcecode.c.c; fileEncoding = 4; name = context.c; path = src/context.c; sourceTree = SOURCE_ROOT; };
		1132CA9003A14066BCC5B5DF /* /Users/vector_cat/gits/bcClean/external/libigl/external/glfw/src/posix_thread.h */ = {isa = PBXFileReference; explicitFileType = sourcecode.c.h; fileEncoding = 4; name = posix_thread.h; path = src/posix_thread.h; sourceTree = SOURCE_ROOT; };
		1368D97131AF4E9BB6E4E410 /* /Users/vector_cat/gits/bcClean/external/libigl/external/glfw/src/vulkan.c */ = {isa = PBXFileReference; explicitFileType = sourcecode.c.c; fileEncoding = 4; name = vulkan.c; path = src/vulkan.c; sourceTree = SOURCE_ROOT; };
		17A65FEB2FC045B6806872DC /* /Users/vector_cat/gits/bcClean/Xcode/glfw/src/glfw_config.h */ = {isa = PBXFileReference; explicitFileType = sourcecode.c.h; fileEncoding = 4; name = glfw_config.h; path = ../../../../Xcode/glfw/src/glfw_config.h; sourceTree = SOURCE_ROOT; };
		181C3FDF7AD5419E8B3500E6 /* /Users/vector_cat/gits/bcClean/external/libigl/external/glfw/include/GLFW/glfw3.h */ = {isa = PBXFileReference; explicitFileType = sourcecode.c.h; fileEncoding = 4; name = glfw3.h; path = include/GLFW/glfw3.h; sourceTree = SOURCE_ROOT; };
		30294B58822E4D6DA8974BCD /* /Users/vector_cat/gits/bcClean/external/libigl/external/glfw/src/cocoa_joystick.h */ = {isa = PBXFileReference; explicitFileType = sourcecode.c.h; fileEncoding = 4; name = cocoa_joystick.h; path = src/cocoa_joystick.h; sourceTree = SOURCE_ROOT; };
		4306492F04244B45B8081D8B /* /Users/vector_cat/gits/bcClean/external/libigl/external/glfw/src/osmesa_context.h */ = {isa = PBXFileReference; explicitFileType = sourcecode.c.h; fileEncoding = 4; name = osmesa_context.h; path = src/osmesa_context.h; sourceTree = SOURCE_ROOT; };
		4FF3A2D1BA1142518AE7B8B6 /* /Users/vector_cat/gits/bcClean/external/libigl/external/glfw/src/window.c */ = {isa = PBXFileReference; explicitFileType = sourcecode.c.c; fileEncoding = 4; name = window.c; path = src/window.c; sourceTree = SOURCE_ROOT; };
		5030324EB2B14DA59D2829CF /* /Users/vector_cat/gits/bcClean/external/libigl/external/glfw/src/cocoa_joystick.m */ = {isa = PBXFileReference; explicitFileType = sourcecode.c.objc; fileEncoding = 4; name = cocoa_joystick.m; path = src/cocoa_joystick.m; sourceTree = SOURCE_ROOT; };
		52A2DAE32D8A4E58AEF07CB0 /* /Users/vector_cat/gits/bcClean/external/libigl/external/glfw/src/egl_context.c */ = {isa = PBXFileReference; explicitFileType = sourcecode.c.c; fileEncoding = 4; name = egl_context.c; path = src/egl_context.c; sourceTree = SOURCE_ROOT; };
		5BD77E27ECCD4A7D82FAE9EF /* glfw */ = {isa = PBXFileReference; explicitFileType = archive.ar; path = libglfw3.a; sourceTree = BUILT_PRODUCTS_DIR; };
		5F100FAD471E43C3BCE126BB /* /Users/vector_cat/gits/bcClean/external/libigl/external/glfw/src/mappings.h */ = {isa = PBXFileReference; explicitFileType = sourcecode.c.h; fileEncoding = 4; name = mappings.h; path = src/mappings.h; sourceTree = SOURCE_ROOT; };
		6E60CB6BC2DD44A2BDED8F1C /* /Users/vector_cat/gits/bcClean/external/libigl/external/glfw/src/cocoa_init.m */ = {isa = PBXFileReference; explicitFileType = sourcecode.c.objc; fileEncoding = 4; name = cocoa_init.m; path = src/cocoa_init.m; sourceTree = SOURCE_ROOT; };
		758AB96AFE06452D9704E1BB /* /Users/vector_cat/gits/bcClean/external/libigl/external/glfw/src/CMakeLists.txt */ = {isa = PBXFileReference; explicitFileType = sourcecode.text; fileEncoding = 4; name = CMakeLists.txt; path = src/CMakeLists.txt; sourceTree = SOURCE_ROOT; };
		79EA38B23399488485A1894D /* /Users/vector_cat/gits/bcClean/external/libigl/external/glfw/CMakeLists.txt */ = {isa = PBXFileReference; explicitFileType = sourcecode.text; fileEncoding = 4; name = CMakeLists.txt; path = CMakeLists.txt; sourceTree = SOURCE_ROOT; };
		7E9CD5F723D3411F80F694D0 /* /Users/vector_cat/gits/bcClean/external/libigl/external/glfw/src/init.c */ = {isa = PBXFileReference; explicitFileType = sourcecode.c.c; fileEncoding = 4; name = init.c; path = src/init.c; sourceTree = SOURCE_ROOT; };
		857548FDC13444AA903333E3 /* /Users/vector_cat/gits/bcClean/external/libigl/external/glfw/src/egl_context.h */ = {isa = PBXFileReference; explicitFileType = sourcecode.c.h; fileEncoding = 4; name = egl_context.h; path = src/egl_context.h; sourceTree = SOURCE_ROOT; };
		8DA03D033C574317B0EE3532 /* /Users/vector_cat/gits/bcClean/external/libigl/external/glfw/src/monitor.c */ = {isa = PBXFileReference; explicitFileType = sourcecode.c.c; fileEncoding = 4; name = monitor.c; path = src/monitor.c; sourceTree = SOURCE_ROOT; };
		8F5E7A1FA0E74DA08113D908 /* /Users/vector_cat/gits/bcClean/external/libigl/external/glfw/src/nsgl_context.m */ = {isa = PBXFileReference; explicitFileType = sourcecode.c.objc; fileEncoding = 4; name = nsgl_context.m; path = src/nsgl_context.m; sourceTree = SOURCE_ROOT; };
		968FC71C3C7A47F48C3C9D3D /* /Users/vector_cat/gits/bcClean/external/libigl/external/glfw/src/input.c */ = {isa = PBXFileReference; explicitFileType = sourcecode.c.c; fileEncoding = 4; name = input.c; path = src/input.c; sourceTree = SOURCE_ROOT; };
		97ECA0E569AB46019DEBD756 /* /Users/vector_cat/gits/bcClean/external/libigl/external/glfw/src/cocoa_time.c */ = {isa = PBXFileReference; explicitFileType = sourcecode.c.c; fileEncoding = 4; name = cocoa_time.c; path = src/cocoa_time.c; sourceTree = SOURCE_ROOT; };
		99E096CB8A334ED48D69FD16 /* /Users/vector_cat/gits/bcClean/external/libigl/external/glfw/src/cocoa_window.m */ = {isa = PBXFileReference; explicitFileType = sourcecode.c.objc; fileEncoding = 4; name = cocoa_window.m; path = src/cocoa_window.m; sourceTree = SOURCE_ROOT; };
		9E8061559EB942A8822EE6E6 /* /Users/vector_cat/gits/bcClean/external/libigl/external/glfw/src/cocoa_platform.h */ = {isa = PBXFileReference; explicitFileType = sourcecode.c.h; fileEncoding = 4; name = cocoa_platform.h; path = src/cocoa_platform.h; sourceTree = SOURCE_ROOT; };
		AF9435C153884F47B9515D9E /* /Users/vector_cat/gits/bcClean/external/libigl/external/glfw/src/osmesa_context.c */ = {isa = PBXFileReference; explicitFileType = sourcecode.c.c; fileEncoding = 4; name = osmesa_context.c; path = src/osmesa_context.c; sourceTree = SOURCE_ROOT; };
		B143EDC9D7B84EAAACA4148E /* /Users/vector_cat/gits/bcClean/external/libigl/external/glfw/src/posix_thread.c */ = {isa = PBXFileReference; explicitFileType = sourcecode.c.c; fileEncoding = 4; name = posix_thread.c; path = src/posix_thread.c; sourceTree = SOURCE_ROOT; };
		B68DF570BC744CA48EF96C52 /* /Users/vector_cat/gits/bcClean/external/libigl/external/glfw/include/GLFW/glfw3native.h */ = {isa = PBXFileReference; explicitFileType = sourcecode.c.h; fileEncoding = 4; name = glfw3native.h; path = include/GLFW/glfw3native.h; sourceTree = SOURCE_ROOT; };
		BCAB6085CFA14EE28AC838BD /* /Users/vector_cat/gits/bcClean/external/libigl/external/glfw/src/nsgl_context.h */ = {isa = PBXFileReference; explicitFileType = sourcecode.c.h; fileEncoding = 4; name = nsgl_context.h; path = src/nsgl_context.h; sourceTree = SOURCE_ROOT; };
		F49984A922BC4C7BAF032A73 /* /Users/vector_cat/gits/bcClean/external/libigl/external/glfw/src/cocoa_monitor.m */ = {isa = PBXFileReference; explicitFileType = sourcecode.c.objc; fileEncoding = 4; name = cocoa_monitor.m; path = src/cocoa_monitor.m; sourceTree = SOURCE_ROOT; };
		F8F31E452FD84CDA98C398C1 /* /Users/vector_cat/gits/bcClean/external/libigl/external/glfw/src/internal.h */ = {isa = PBXFileReference; explicitFileType = sourcecode.c.h; fileEncoding = 4; name = internal.h; path = src/internal.h; sourceTree = SOURCE_ROOT; };
/* End PBXFileReference section */

/* Begin PBXGroup section */
		0614D6E2D75B47E892DB2207 = {
			isa = PBXGroup;
			children = (
				EF4C728BEC3B4AE0B5CE076C /* ALL_BUILD */,
				7A22275506E24006A53EBE74 /* GLFW3 */,
				9078B1A206E1416A8276636D /* Products */,
			);
			sourceTree = "<group>";
		};
		282CB966D6AD44E882A416C4 /* glfw */ = {
			isa = PBXGroup;
			children = (
				990347FA3F234CA194059DC5 /* Source Files */,
				8F97442A308548F6BE9A7557 /* Header Files */,
				758AB96AFE06452D9704E1BB /* /Users/vector_cat/gits/bcClean/external/libigl/external/glfw/src/CMakeLists.txt */,
			);
			name = glfw;
			sourceTree = "<group>";
		};
		3388652C0CF841E4824C6249 /* CMake Rules */ = {
			isa = PBXGroup;
			children = (
			);
			name = "CMake Rules";
			sourceTree = "<group>";
		};
		7A22275506E24006A53EBE74 /* GLFW3 */ = {
			isa = PBXGroup;
			children = (
				282CB966D6AD44E882A416C4 /* glfw */,
			);
			name = GLFW3;
			sourceTree = "<group>";
		};
		8F97442A308548F6BE9A7557 /* Header Files */ = {
			isa = PBXGroup;
			children = (
				17A65FEB2FC045B6806872DC /* /Users/vector_cat/gits/bcClean/Xcode/glfw/src/glfw_config.h */,
				181C3FDF7AD5419E8B3500E6 /* /Users/vector_cat/gits/bcClean/external/libigl/external/glfw/include/GLFW/glfw3.h */,
				B68DF570BC744CA48EF96C52 /* /Users/vector_cat/gits/bcClean/external/libigl/external/glfw/include/GLFW/glfw3native.h */,
				30294B58822E4D6DA8974BCD /* /Users/vector_cat/gits/bcClean/external/libigl/external/glfw/src/cocoa_joystick.h */,
				9E8061559EB942A8822EE6E6 /* /Users/vector_cat/gits/bcClean/external/libigl/external/glfw/src/cocoa_platform.h */,
				857548FDC13444AA903333E3 /* /Users/vector_cat/gits/bcClean/external/libigl/external/glfw/src/egl_context.h */,
				F8F31E452FD84CDA98C398C1 /* /Users/vector_cat/gits/bcClean/external/libigl/external/glfw/src/internal.h */,
				5F100FAD471E43C3BCE126BB /* /Users/vector_cat/gits/bcClean/external/libigl/external/glfw/src/mappings.h */,
				BCAB6085CFA14EE28AC838BD /* /Users/vector_cat/gits/bcClean/external/libigl/external/glfw/src/nsgl_context.h */,
				4306492F04244B45B8081D8B /* /Users/vector_cat/gits/bcClean/external/libigl/external/glfw/src/osmesa_context.h */,
				1132CA9003A14066BCC5B5DF /* /Users/vector_cat/gits/bcClean/external/libigl/external/glfw/src/posix_thread.h */,
			);
			name = "Header Files";
			sourceTree = "<group>";
		};
		9078B1A206E1416A8276636D /* Products */ = {
			isa = PBXGroup;
			children = (
				5BD77E27ECCD4A7D82FAE9EF /* glfw */,
			);
			name = Products;
			sourceTree = "<group>";
		};
		990347FA3F234CA194059DC5 /* Source Files */ = {
			isa = PBXGroup;
			children = (
				6E60CB6BC2DD44A2BDED8F1C /* /Users/vector_cat/gits/bcClean/external/libigl/external/glfw/src/cocoa_init.m */,
				5030324EB2B14DA59D2829CF /* /Users/vector_cat/gits/bcClean/external/libigl/external/glfw/src/cocoa_joystick.m */,
				F49984A922BC4C7BAF032A73 /* /Users/vector_cat/gits/bcClean/external/libigl/external/glfw/src/cocoa_monitor.m */,
				97ECA0E569AB46019DEBD756 /* /Users/vector_cat/gits/bcClean/external/libigl/external/glfw/src/cocoa_time.c */,
				99E096CB8A334ED48D69FD16 /* /Users/vector_cat/gits/bcClean/external/libigl/external/glfw/src/cocoa_window.m */,
				1067FEB23725407091142B43 /* /Users/vector_cat/gits/bcClean/external/libigl/external/glfw/src/context.c */,
				52A2DAE32D8A4E58AEF07CB0 /* /Users/vector_cat/gits/bcClean/external/libigl/external/glfw/src/egl_context.c */,
				7E9CD5F723D3411F80F694D0 /* /Users/vector_cat/gits/bcClean/external/libigl/external/glfw/src/init.c */,
				968FC71C3C7A47F48C3C9D3D /* /Users/vector_cat/gits/bcClean/external/libigl/external/glfw/src/input.c */,
				8DA03D033C574317B0EE3532 /* /Users/vector_cat/gits/bcClean/external/libigl/external/glfw/src/monitor.c */,
				8F5E7A1FA0E74DA08113D908 /* /Users/vector_cat/gits/bcClean/external/libigl/external/glfw/src/nsgl_context.m */,
				AF9435C153884F47B9515D9E /* /Users/vector_cat/gits/bcClean/external/libigl/external/glfw/src/osmesa_context.c */,
				B143EDC9D7B84EAAACA4148E /* /Users/vector_cat/gits/bcClean/external/libigl/external/glfw/src/posix_thread.c */,
				1368D97131AF4E9BB6E4E410 /* /Users/vector_cat/gits/bcClean/external/libigl/external/glfw/src/vulkan.c */,
				4FF3A2D1BA1142518AE7B8B6 /* /Users/vector_cat/gits/bcClean/external/libigl/external/glfw/src/window.c */,
			);
			name = "Source Files";
			sourceTree = "<group>";
		};
		EF4C728BEC3B4AE0B5CE076C /* ALL_BUILD */ = {
			isa = PBXGroup;
			children = (
				3388652C0CF841E4824C6249 /* CMake Rules */,
				79EA38B23399488485A1894D /* /Users/vector_cat/gits/bcClean/external/libigl/external/glfw/CMakeLists.txt */,
			);
			name = ALL_BUILD;
			sourceTree = "<group>";
		};
/* End PBXGroup section */

/* Begin PBXNativeTarget section */
		7ED0693BA2B448FCA56E99F9 /* glfw */ = {
			isa = PBXNativeTarget;
			buildConfigurationList = C780D9D94348457DA04AA213 /* Build configuration list for PBXNativeTarget "glfw" */;
			buildPhases = (
				0E38A71250674493BD7589B5 /* Sources */,
			);
			buildRules = (
			);
			dependencies = (
			);
			name = glfw;
			productName = glfw;
			productReference = 5BD77E27ECCD4A7D82FAE9EF /* glfw */;
			productType = "com.apple.product-type.library.static";
		};
/* End PBXNativeTarget section */

/* Begin PBXProject section */
		705C6DA8120A4EAF925467C2 /* Project object */ = {
			isa = PBXProject;
			attributes = {
				BuildIndependentTargetsInParallel = YES;
				LastUpgradeCheck = 1130;
			};
			buildConfigurationList = 40206C45B95743168C01FA60 /* Build configuration list for PBXProject "GLFW" */;
			buildSettings = {
			};
			buildStyles = (
				CD5401B6F9BB4486A96E6F1D /* Debug */,
				CAB6F266F1D7498C8B05CC3E /* Release */,
				4EDA44E5E8804569A7C3DFD2 /* MinSizeRel */,
				4B9E291E8FE7466AACEA1EDB /* RelWithDebInfo */,
			);
			compatibilityVersion = "Xcode 3.2";
			hasScannedForEncodings = 0;
			mainGroup = 0614D6E2D75B47E892DB2207;
			projectDirPath = ../../external/libigl/external/glfw;
			projectRoot = "";
			targets = (
				69A09D42AD5D4A3DB9CF8DCC /* ALL_BUILD */,
				8877F7358DBB4DDCBD06BEB3 /* RUN_TESTS */,
				570D34DCDC95462681C81F77 /* ZERO_CHECK */,
				7ED0693BA2B448FCA56E99F9 /* glfw */,
				5761ACF60F514ECC9D7A025F /* install */,
				5631A3BB9033480AA1604560 /* package */,
			);
		};
/* End PBXProject section */

/* Begin PBXShellScriptBuildPhase section */
		0AC5F5D719D24EE1AB679B32 = {
			isa = PBXShellScriptBuildPhase;
			buildActionMask = 2147483647;
			files = (
			);
			inputPaths = (
			);
			outputPaths = (
			);
			runOnlyForDeploymentPostprocessing = 0;
			shellPath = /bin/sh;
			shellScript = "# shell script goes here
exit 0";
			showEnvVarsInLog = 0;
		};
		1529FBC603B74EB492C2A759 /* CMake PostBuild Rules */ = {
			isa = PBXShellScriptBuildPhase;
			buildActionMask = 2147483647;
			files = (
			);
			name = "CMake PostBuild Rules";
			runOnlyForDeploymentPostprocessing = 0;
			shellPath = /bin/sh;
			shellScript = "make -C /Users/vector_cat/gits/bcClean/Xcode/glfw -f /Users/vector_cat/gits/bcClean/Xcode/glfw/CMakeScripts/install_postBuildPhase.make$CONFIGURATION all";
			showEnvVarsInLog = 0;
		};
		234A5BFCC79C4D37BFD0D71E /* CMake Rules */ = {
			isa = PBXShellScriptBuildPhase;
			buildActionMask = 2147483647;
			files = (
			);
			name = "CMake Rules";
			runOnlyForDeploymentPostprocessing = 0;
			shellPath = /bin/sh;
			shellScript = "make -C /Users/vector_cat/gits/bcClean/Xcode/glfw -f /Users/vector_cat/gits/bcClean/Xcode/glfw/CMakeScripts/ALL_BUILD_cmakeRulesBuildPhase.make$CONFIGURATION all";
			showEnvVarsInLog = 0;
		};
		2A59AB283E82408D9004B30F = {
			isa = PBXShellScriptBuildPhase;
			buildActionMask = 2147483647;
			files = (
			);
			inputPaths = (
			);
			outputPaths = (
			);
			runOnlyForDeploymentPostprocessing = 0;
			shellPath = /bin/sh;
			shellScript = "# shell script goes here
exit 0";
			showEnvVarsInLog = 0;
		};
		527D9989FB104B0C99EACC27 = {
			isa = PBXShellScriptBuildPhase;
			buildActionMask = 2147483647;
			files = (
			);
			inputPaths = (
			);
			outputPaths = (
			);
			runOnlyForDeploymentPostprocessing = 0;
			shellPath = /bin/sh;
			shellScript = "# shell script goes here
exit 0";
			showEnvVarsInLog = 0;
		};
		7D39AFC13EAC4FDE8478CA7C = {
			isa = PBXShellScriptBuildPhase;
			buildActionMask = 2147483647;
			files = (
			);
			inputPaths = (
			);
			outputPaths = (
			);
			runOnlyForDeploymentPostprocessing = 0;
			shellPath = /bin/sh;
			shellScript = "# shell script goes here
exit 0";
			showEnvVarsInLog = 0;
		};
		97DC98D5437C4B4896B3E297 /* CMake Rules */ = {
			isa = PBXShellScriptBuildPhase;
			buildActionMask = 2147483647;
			files = (
			);
			name = "CMake Rules";
			runOnlyForDeploymentPostprocessing = 0;
			shellPath = /bin/sh;
			shellScript = "make -C /Users/vector_cat/gits/bcClean/Xcode/glfw -f /Users/vector_cat/gits/bcClean/Xcode/glfw/CMakeScripts/ZERO_CHECK_cmakeRulesBuildPhase.make$CONFIGURATION all";
			showEnvVarsInLog = 0;
		};
		A1430D102B2043AE9E55A7F4 /* CMake PostBuild Rules */ = {
			isa = PBXShellScriptBuildPhase;
			buildActionMask = 2147483647;
			files = (
			);
			name = "CMake PostBuild Rules";
			runOnlyForDeploymentPostprocessing = 0;
			shellPath = /bin/sh;
			shellScript = "make -C /Users/vector_cat/gits/bcClean/Xcode/glfw -f /Users/vector_cat/gits/bcClean/Xcode/glfw/CMakeScripts/RUN_TESTS_postBuildPhase.make$CONFIGURATION all";
			showEnvVarsInLog = 0;
		};
		BB5E0C3E5D5D4A8AB6F17F3D = {
			isa = PBXShellScriptBuildPhase;
			buildActionMask = 2147483647;
			files = (
			);
			inputPaths = (
			);
			outputPaths = (
			);
			runOnlyForDeploymentPostprocessing = 0;
			shellPath = /bin/sh;
			shellScript = "# shell script goes here
exit 0";
			showEnvVarsInLog = 0;
		};
		C20B992CC81E40DDA43AC892 /* CMake PostBuild Rules */ = {
			isa = PBXShellScriptBuildPhase;
			buildActionMask = 2147483647;
			files = (
			);
			name = "CMake PostBuild Rules";
			runOnlyForDeploymentPostprocessing = 0;
			shellPath = /bin/sh;
			shellScript = "make -C /Users/vector_cat/gits/bcClean/Xcode/glfw -f /Users/vector_cat/gits/bcClean/Xcode/glfw/CMakeScripts/package_postBuildPhase.make$CONFIGURATION all";
			showEnvVarsInLog = 0;
		};
/* End PBXShellScriptBuildPhase section */

/* Begin PBXSourcesBuildPhase section */
		0E38A71250674493BD7589B5 /* Sources */ = {
			isa = PBXSourcesBuildPhase;
			buildActionMask = 2147483647;
			files = (
				4F96A0EA1C86455A974B6C64 /* /Users/vector_cat/gits/bcClean/external/libigl/external/glfw/src/cocoa_init.m */,
				A3B4590C1E654B688BFA8D61 /* /Users/vector_cat/gits/bcClean/external/libigl/external/glfw/src/cocoa_joystick.m */,
				B55EDB6795284ED1A4F20066 /* /Users/vector_cat/gits/bcClean/external/libigl/external/glfw/src/cocoa_monitor.m */,
				6A541DDD2762470E89BB9E20 /* /Users/vector_cat/gits/bcClean/external/libigl/external/glfw/src/cocoa_time.c */,
				68064B3ABE704698AB801B05 /* /Users/vector_cat/gits/bcClean/external/libigl/external/glfw/src/cocoa_window.m */,
				F8595BCED34F4557B90029A4 /* /Users/vector_cat/gits/bcClean/external/libigl/external/glfw/src/context.c */,
				25D5D63091E345599B53EBA7 /* /Users/vector_cat/gits/bcClean/external/libigl/external/glfw/src/egl_context.c */,
				71221C6D88574AE6BFCCC300 /* /Users/vector_cat/gits/bcClean/external/libigl/external/glfw/src/init.c */,
				17B2DA334C70432B91C2658F /* /Users/vector_cat/gits/bcClean/external/libigl/external/glfw/src/input.c */,
				6CD9132733A04B32988E4AEA /* /Users/vector_cat/gits/bcClean/external/libigl/external/glfw/src/monitor.c */,
				CA587A4D148142818D26E6EB /* /Users/vector_cat/gits/bcClean/external/libigl/external/glfw/src/nsgl_context.m */,
				7A94335CF5864A8386CA75E5 /* /Users/vector_cat/gits/bcClean/external/libigl/external/glfw/src/osmesa_context.c */,
				1A4267ABE0174BB490E8A073 /* /Users/vector_cat/gits/bcClean/external/libigl/external/glfw/src/posix_thread.c */,
				4DAEC698B8AB42F48F33EFDD /* /Users/vector_cat/gits/bcClean/external/libigl/external/glfw/src/vulkan.c */,
				0CF7F0598A5F4609B663A53E /* /Users/vector_cat/gits/bcClean/external/libigl/external/glfw/src/window.c */,
			);
			runOnlyForDeploymentPostprocessing = 0;
		};
/* End PBXSourcesBuildPhase section */

/* Begin PBXTargetDependency section */
		07BEE76E33EE47D2AD6B6A23 /* PBXTargetDependency */ = {
			isa = PBXTargetDependency;
			target = 69A09D42AD5D4A3DB9CF8DCC /* ALL_BUILD */;
			targetProxy = 93BB2E038A4F446083BEA664 /* PBXContainerItemProxy */;
		};
		08BF4FDE21FD4B4383EDFE3A /* PBXTargetDependency */ = {
			isa = PBXTargetDependency;
			target = 7ED0693BA2B448FCA56E99F9 /* glfw */;
			targetProxy = C027662A21B7413D900CF76A /* PBXContainerItemProxy */;
		};
		0BB00FFECAB644C689F1C027 /* PBXTargetDependency */ = {
			isa = PBXTargetDependency;
			target = 570D34DCDC95462681C81F77 /* ZERO_CHECK */;
			targetProxy = 6398CD28ADFC4FD9AEF04C3E /* PBXContainerItemProxy */;
		};
		AC9DA680B4704CC4B710F492 /* PBXTargetDependency */ = {
			isa = PBXTargetDependency;
			target = 69A09D42AD5D4A3DB9CF8DCC /* ALL_BUILD */;
			targetProxy = F34D7AA2923B448289B926AA /* PBXContainerItemProxy */;
		};
/* End PBXTargetDependency section */

/* Begin XCBuildConfiguration section */
		06ED3C3C78E942A79BEC337B /* RelWithDebInfo */ = {
			isa = XCBuildConfiguration;
			buildSettings = {
				COMBINE_HIDPI_IMAGES = YES;
				GCC_GENERATE_DEBUGGING_SYMBOLS = YES;
				GCC_INLINES_ARE_PRIVATE_EXTERN = NO;
				GCC_OPTIMIZATION_LEVEL = 0;
				GCC_PREPROCESSOR_DEFINITIONS = ("'CMAKE_INTDIR=\"$(CONFIGURATION)$(EFFECTIVE_PLATFORM_NAME)\"'");
				GCC_SYMBOLS_PRIVATE_EXTERN = NO;
				INSTALL_PATH = "";
				OTHER_LDFLAGS = " ";
				OTHER_REZFLAGS = "";
				PRODUCT_NAME = install;
				SECTORDER_FLAGS = "";
				SYMROOT = /Users/vector_cat/gits/bcClean/Xcode/glfw;
				USE_HEADERMAP = NO;
				WARNING_CFLAGS = ("-Wmost","-Wno-four-char-constants","-Wno-unknown-pragmas","$(inherited)");
			};
			name = RelWithDebInfo;
		};
		09103CDBC7F4488A8C2735D1 /* RelWithDebInfo */ = {
			isa = XCBuildConfiguration;
			buildSettings = {
				COMBINE_HIDPI_IMAGES = YES;
				GCC_GENERATE_DEBUGGING_SYMBOLS = YES;
				GCC_INLINES_ARE_PRIVATE_EXTERN = NO;
				GCC_OPTIMIZATION_LEVEL = 0;
				GCC_PREPROCESSOR_DEFINITIONS = ("'CMAKE_INTDIR=\"$(CONFIGURATION)$(EFFECTIVE_PLATFORM_NAME)\"'");
				GCC_SYMBOLS_PRIVATE_EXTERN = NO;
				INSTALL_PATH = "";
				OTHER_LDFLAGS = " ";
				OTHER_REZFLAGS = "";
				PRODUCT_NAME = ZERO_CHECK;
				SECTORDER_FLAGS = "";
				SYMROOT = /Users/vector_cat/gits/bcClean/Xcode/glfw;
				USE_HEADERMAP = NO;
				WARNING_CFLAGS = ("-Wmost","-Wno-four-char-constants","-Wno-unknown-pragmas","$(inherited)");
			};
			name = RelWithDebInfo;
		};
		0F5036FB72D549D8A7069B52 /* Release */ = {
			isa = XCBuildConfiguration;
			buildSettings = {
				COMBINE_HIDPI_IMAGES = YES;
				GCC_GENERATE_DEBUGGING_SYMBOLS = YES;
				GCC_INLINES_ARE_PRIVATE_EXTERN = NO;
				GCC_OPTIMIZATION_LEVEL = 0;
				GCC_PREPROCESSOR_DEFINITIONS = ("'CMAKE_INTDIR=\"$(CONFIGURATION)$(EFFECTIVE_PLATFORM_NAME)\"'");
				GCC_SYMBOLS_PRIVATE_EXTERN = NO;
				INSTALL_PATH = "";
				OTHER_LDFLAGS = " ";
				OTHER_REZFLAGS = "";
				PRODUCT_NAME = install;
				SECTORDER_FLAGS = "";
				SYMROOT = /Users/vector_cat/gits/bcClean/Xcode/glfw;
				USE_HEADERMAP = NO;
				WARNING_CFLAGS = ("-Wmost","-Wno-four-char-constants","-Wno-unknown-pragmas","$(inherited)");
			};
			name = Release;
		};
		110D9D7C01AB41B59F4EA847 /* MinSizeRel */ = {
			isa = XCBuildConfiguration;
			buildSettings = {
				ONLY_ACTIVE_ARCH = YES;
				SDKROOT = /Applications/Xcode.app/Contents/Developer/Platforms/MacOSX.platform/Developer/SDKs/MacOSX10.15.sdk;
				SYMROOT = /Users/vector_cat/gits/bcClean/Xcode/glfw/build;
			};
			name = MinSizeRel;
		};
		1A0F5A349D014E20B1A73648 /* MinSizeRel */ = {
			isa = XCBuildConfiguration;
			buildSettings = {
				COMBINE_HIDPI_IMAGES = YES;
				GCC_GENERATE_DEBUGGING_SYMBOLS = YES;
				GCC_INLINES_ARE_PRIVATE_EXTERN = NO;
				GCC_OPTIMIZATION_LEVEL = 0;
				GCC_PREPROCESSOR_DEFINITIONS = ("'CMAKE_INTDIR=\"$(CONFIGURATION)$(EFFECTIVE_PLATFORM_NAME)\"'");
				GCC_SYMBOLS_PRIVATE_EXTERN = NO;
				INSTALL_PATH = "";
				OTHER_LDFLAGS = " ";
				OTHER_REZFLAGS = "";
				PRODUCT_NAME = RUN_TESTS;
				SECTORDER_FLAGS = "";
				SYMROOT = /Users/vector_cat/gits/bcClean/Xcode/glfw;
				USE_HEADERMAP = NO;
				WARNING_CFLAGS = ("-Wmost","-Wno-four-char-constants","-Wno-unknown-pragmas","$(inherited)");
			};
			name = MinSizeRel;
		};
		1F2A46AF63C74E298E551F61 /* Debug */ = {
			isa = XCBuildConfiguration;
			buildSettings = {
				COMBINE_HIDPI_IMAGES = YES;
				GCC_GENERATE_DEBUGGING_SYMBOLS = YES;
				GCC_INLINES_ARE_PRIVATE_EXTERN = NO;
				GCC_OPTIMIZATION_LEVEL = 0;
				GCC_PREPROCESSOR_DEFINITIONS = ("'CMAKE_INTDIR=\"$(CONFIGURATION)$(EFFECTIVE_PLATFORM_NAME)\"'");
				GCC_SYMBOLS_PRIVATE_EXTERN = NO;
				INSTALL_PATH = "";
				OTHER_LDFLAGS = " ";
				OTHER_REZFLAGS = "";
				PRODUCT_NAME = RUN_TESTS;
				SECTORDER_FLAGS = "";
				SYMROOT = /Users/vector_cat/gits/bcClean/Xcode/glfw;
				USE_HEADERMAP = NO;
				WARNING_CFLAGS = ("-Wmost","-Wno-four-char-constants","-Wno-unknown-pragmas","$(inherited)");
			};
			name = Debug;
		};
		22ACAD796BD94AD9959B1CC6 /* Debug */ = {
			isa = XCBuildConfiguration;
			buildSettings = {
				ONLY_ACTIVE_ARCH = YES;
				SDKROOT = /Applications/Xcode.app/Contents/Developer/Platforms/MacOSX.platform/Developer/SDKs/MacOSX10.15.sdk;
				SYMROOT = /Users/vector_cat/gits/bcClean/Xcode/glfw/build;
			};
			name = Debug;
		};
		2918717BA6114F65B29C50F4 /* RelWithDebInfo */ = {
			isa = XCBuildConfiguration;
			buildSettings = {
				COMBINE_HIDPI_IMAGES = YES;
				EXECUTABLE_PREFIX = lib;
				EXECUTABLE_SUFFIX = .a;
				GCC_GENERATE_DEBUGGING_SYMBOLS = YES;
				GCC_INLINES_ARE_PRIVATE_EXTERN = NO;
				GCC_OPTIMIZATION_LEVEL = 2;
				GCC_PREPROCESSOR_DEFINITIONS = ("'CMAKE_INTDIR=\"$(CONFIGURATION)$(EFFECTIVE_PLATFORM_NAME)\"'",_GLFW_USE_CONFIG_H);
				GCC_SYMBOLS_PRIVATE_EXTERN = NO;
				HEADER_SEARCH_PATHS = (/usr/local/Frameworks/Python.framework/Versions/3.7/include/python3.7m,/Users/vector_cat/gits/bcClean/external/libigl/external/glfw/include,/Users/vector_cat/gits/bcClean/external/libigl/external/glfw/src,/Users/vector_cat/gits/bcClean/Xcode/glfw/src);
				INSTALL_PATH = "";
				LIBRARY_STYLE = STATIC;
				OTHER_CFLAGS = " -fPIC        -DNDEBUG -fPIC -Wall  ";
				OTHER_LIBTOOLFLAGS = " ";
				OTHER_REZFLAGS = "";
				PRODUCT_NAME = glfw3;
				SECTORDER_FLAGS = "";
				SYMROOT = /Users/vector_cat/gits/bcClean/Xcode/glfw/src;
				USE_HEADERMAP = NO;
				WARNING_CFLAGS = ("-Wmost","-Wno-four-char-constants","-Wno-unknown-pragmas","$(inherited)");
			};
			name = RelWithDebInfo;
		};
		2A9BCD232E664F8483EA78A2 /* RelWithDebInfo */ = {
			isa = XCBuildConfiguration;
			buildSettings = {
				COMBINE_HIDPI_IMAGES = YES;
				GCC_GENERATE_DEBUGGING_SYMBOLS = YES;
				GCC_INLINES_ARE_PRIVATE_EXTERN = NO;
				GCC_OPTIMIZATION_LEVEL = 0;
				GCC_PREPROCESSOR_DEFINITIONS = ("'CMAKE_INTDIR=\"$(CONFIGURATION)$(EFFECTIVE_PLATFORM_NAME)\"'");
				GCC_SYMBOLS_PRIVATE_EXTERN = NO;
				INSTALL_PATH = "";
				OTHER_LDFLAGS = " ";
				OTHER_REZFLAGS = "";
				PRODUCT_NAME = ALL_BUILD;
				SECTORDER_FLAGS = "";
				SYMROOT = /Users/vector_cat/gits/bcClean/Xcode/glfw;
				USE_HEADERMAP = NO;
				WARNING_CFLAGS = ("-Wmost","-Wno-four-char-constants","-Wno-unknown-pragmas","$(inherited)");
			};
			name = RelWithDebInfo;
		};
		3501B6CF68304BA0AC21C5E4 /* Release */ = {
			isa = XCBuildConfiguration;
			buildSettings = {
				COMBINE_HIDPI_IMAGES = YES;
				GCC_GENERATE_DEBUGGING_SYMBOLS = YES;
				GCC_INLINES_ARE_PRIVATE_EXTERN = NO;
				GCC_OPTIMIZATION_LEVEL = 0;
				GCC_PREPROCESSOR_DEFINITIONS = ("'CMAKE_INTDIR=\"$(CONFIGURATION)$(EFFECTIVE_PLATFORM_NAME)\"'");
				GCC_SYMBOLS_PRIVATE_EXTERN = NO;
				INSTALL_PATH = "";
				OTHER_LDFLAGS = " ";
				OTHER_REZFLAGS = "";
				PRODUCT_NAME = ZERO_CHECK;
				SECTORDER_FLAGS = "";
				SYMROOT = /Users/vector_cat/gits/bcClean/Xcode/glfw;
				USE_HEADERMAP = NO;
				WARNING_CFLAGS = ("-Wmost","-Wno-four-char-constants","-Wno-unknown-pragmas","$(inherited)");
			};
			name = Release;
		};
		35F1FCE2A52F42529CDBE311 /* RelWithDebInfo */ = {
			isa = XCBuildConfiguration;
			buildSettings = {
				ONLY_ACTIVE_ARCH = YES;
				SDKROOT = /Applications/Xcode.app/Contents/Developer/Platforms/MacOSX.platform/Developer/SDKs/MacOSX10.15.sdk;
				SYMROOT = /Users/vector_cat/gits/bcClean/Xcode/glfw/build;
			};
			name = RelWithDebInfo;
		};
		4762DDBB7FD14D908D3911BC /* Release */ = {
			isa = XCBuildConfiguration;
			buildSettings = {
				COMBINE_HIDPI_IMAGES = YES;
				EXECUTABLE_PREFIX = lib;
				EXECUTABLE_SUFFIX = .a;
				GCC_GENERATE_DEBUGGING_SYMBOLS = NO;
				GCC_INLINES_ARE_PRIVATE_EXTERN = NO;
				GCC_OPTIMIZATION_LEVEL = 3;
				GCC_PREPROCESSOR_DEFINITIONS = ("'CMAKE_INTDIR=\"$(CONFIGURATION)$(EFFECTIVE_PLATFORM_NAME)\"'",_GLFW_USE_CONFIG_H);
				GCC_SYMBOLS_PRIVATE_EXTERN = NO;
				HEADER_SEARCH_PATHS = (/usr/local/Frameworks/Python.framework/Versions/3.7/include/python3.7m,/Users/vector_cat/gits/bcClean/external/libigl/external/glfw/include,/Users/vector_cat/gits/bcClean/external/libigl/external/glfw/src,/Users/vector_cat/gits/bcClean/Xcode/glfw/src);
				INSTALL_PATH = "";
				LIBRARY_STYLE = STATIC;
				OTHER_CFLAGS = " -fPIC     -DNDEBUG -fPIC -Wall  ";
				OTHER_LIBTOOLFLAGS = " ";
				OTHER_REZFLAGS = "";
				PRODUCT_NAME = glfw3;
				SECTORDER_FLAGS = "";
				SYMROOT = /Users/vector_cat/gits/bcClean/Xcode/glfw/src;
				USE_HEADERMAP = NO;
				WARNING_CFLAGS = ("-Wmost","-Wno-four-char-constants","-Wno-unknown-pragmas","$(inherited)");
			};
			name = Release;
		};
		52BDFCF4E2A7437884AFE17B /* Release */ = {
			isa = XCBuildConfiguration;
			buildSettings = {
				COMBINE_HIDPI_IMAGES = YES;
				GCC_GENERATE_DEBUGGING_SYMBOLS = YES;
				GCC_INLINES_ARE_PRIVATE_EXTERN = NO;
				GCC_OPTIMIZATION_LEVEL = 0;
				GCC_PREPROCESSOR_DEFINITIONS = ("'CMAKE_INTDIR=\"$(CONFIGURATION)$(EFFECTIVE_PLATFORM_NAME)\"'");
				GCC_SYMBOLS_PRIVATE_EXTERN = NO;
				INSTALL_PATH = "";
				OTHER_LDFLAGS = " ";
				OTHER_REZFLAGS = "";
				PRODUCT_NAME = package;
				SECTORDER_FLAGS = "";
				SYMROOT = /Users/vector_cat/gits/bcClean/Xcode/glfw;
				USE_HEADERMAP = NO;
				WARNING_CFLAGS = ("-Wmost","-Wno-four-char-constants","-Wno-unknown-pragmas","$(inherited)");
			};
			name = Release;
		};
		64287E92248B49108905C8CA /* RelWithDebInfo */ = {
			isa = XCBuildConfiguration;
			buildSettings = {
				COMBINE_HIDPI_IMAGES = YES;
				GCC_GENERATE_DEBUGGING_SYMBOLS = YES;
				GCC_INLINES_ARE_PRIVATE_EXTERN = NO;
				GCC_OPTIMIZATION_LEVEL = 0;
				GCC_PREPROCESSOR_DEFINITIONS = ("'CMAKE_INTDIR=\"$(CONFIGURATION)$(EFFECTIVE_PLATFORM_NAME)\"'");
				GCC_SYMBOLS_PRIVATE_EXTERN = NO;
				INSTALL_PATH = "";
				OTHER_LDFLAGS = " ";
				OTHER_REZFLAGS = "";
				PRODUCT_NAME = RUN_TESTS;
				SECTORDER_FLAGS = "";
				SYMROOT = /Users/vector_cat/gits/bcClean/Xcode/glfw;
				USE_HEADERMAP = NO;
				WARNING_CFLAGS = ("-Wmost","-Wno-four-char-constants","-Wno-unknown-pragmas","$(inherited)");
			};
			name = RelWithDebInfo;
		};
		6EA52B1DFC1F4801B63D97FF /* Debug */ = {
			isa = XCBuildConfiguration;
			buildSettings = {
				COMBINE_HIDPI_IMAGES = YES;
				GCC_GENERATE_DEBUGGING_SYMBOLS = YES;
				GCC_INLINES_ARE_PRIVATE_EXTERN = NO;
				GCC_OPTIMIZATION_LEVEL = 0;
				GCC_PREPROCESSOR_DEFINITIONS = ("'CMAKE_INTDIR=\"$(CONFIGURATION)$(EFFECTIVE_PLATFORM_NAME)\"'");
				GCC_SYMBOLS_PRIVATE_EXTERN = NO;
				INSTALL_PATH = "";
				OTHER_LDFLAGS = " ";
				OTHER_REZFLAGS = "";
				PRODUCT_NAME = ZERO_CHECK;
				SECTORDER_FLAGS = "";
				SYMROOT = /Users/vector_cat/gits/bcClean/Xcode/glfw;
				USE_HEADERMAP = NO;
				WARNING_CFLAGS = ("-Wmost","-Wno-four-char-constants","-Wno-unknown-pragmas","$(inherited)");
			};
			name = Debug;
		};
		7E1D5814556C4C10A137CD26 /* MinSizeRel */ = {
			isa = XCBuildConfiguration;
			buildSettings = {
				COMBINE_HIDPI_IMAGES = YES;
				EXECUTABLE_PREFIX = lib;
				EXECUTABLE_SUFFIX = .a;
				GCC_GENERATE_DEBUGGING_SYMBOLS = NO;
				GCC_INLINES_ARE_PRIVATE_EXTERN = NO;
				GCC_OPTIMIZATION_LEVEL = s;
				GCC_PREPROCESSOR_DEFINITIONS = ("'CMAKE_INTDIR=\"$(CONFIGURATION)$(EFFECTIVE_PLATFORM_NAME)\"'",_GLFW_USE_CONFIG_H);
				GCC_SYMBOLS_PRIVATE_EXTERN = NO;
				HEADER_SEARCH_PATHS = (/usr/local/Frameworks/Python.framework/Versions/3.7/include/python3.7m,/Users/vector_cat/gits/bcClean/external/libigl/external/glfw/include,/Users/vector_cat/gits/bcClean/external/libigl/external/glfw/src,/Users/vector_cat/gits/bcClean/Xcode/glfw/src);
				INSTALL_PATH = "";
				LIBRARY_STYLE = STATIC;
				OTHER_CFLAGS = " -fPIC     -DNDEBUG -fPIC -Wall  ";
				OTHER_LIBTOOLFLAGS = " ";
				OTHER_REZFLAGS = "";
				PRODUCT_NAME = glfw3;
				SECTORDER_FLAGS = "";
				SYMROOT = /Users/vector_cat/gits/bcClean/Xcode/glfw/src;
				USE_HEADERMAP = NO;
				WARNING_CFLAGS = ("-Wmost","-Wno-four-char-constants","-Wno-unknown-pragmas","$(inherited)");
			};
			name = MinSizeRel;
		};
		82A531CC65BC47839F323D67 /* RelWithDebInfo */ = {
			isa = XCBuildConfiguration;
			buildSettings = {
				COMBINE_HIDPI_IMAGES = YES;
				GCC_GENERATE_DEBUGGING_SYMBOLS = YES;
				GCC_INLINES_ARE_PRIVATE_EXTERN = NO;
				GCC_OPTIMIZATION_LEVEL = 0;
				GCC_PREPROCESSOR_DEFINITIONS = ("'CMAKE_INTDIR=\"$(CONFIGURATION)$(EFFECTIVE_PLATFORM_NAME)\"'");
				GCC_SYMBOLS_PRIVATE_EXTERN = NO;
				INSTALL_PATH = "";
				OTHER_LDFLAGS = " ";
				OTHER_REZFLAGS = "";
				PRODUCT_NAME = package;
				SECTORDER_FLAGS = "";
				SYMROOT = /Users/vector_cat/gits/bcClean/Xcode/glfw;
				USE_HEADERMAP = NO;
				WARNING_CFLAGS = ("-Wmost","-Wno-four-char-constants","-Wno-unknown-pragmas","$(inherited)");
			};
			name = RelWithDebInfo;
		};
		91BFEF341F1D4DE58D795F79 /* Debug */ = {
			isa = XCBuildConfiguration;
			buildSettings = {
				COMBINE_HIDPI_IMAGES = YES;
				GCC_GENERATE_DEBUGGING_SYMBOLS = YES;
				GCC_INLINES_ARE_PRIVATE_EXTERN = NO;
				GCC_OPTIMIZATION_LEVEL = 0;
				GCC_PREPROCESSOR_DEFINITIONS = ("'CMAKE_INTDIR=\"$(CONFIGURATION)$(EFFECTIVE_PLATFORM_NAME)\"'");
				GCC_SYMBOLS_PRIVATE_EXTERN = NO;
				INSTALL_PATH = "";
				OTHER_LDFLAGS = " ";
				OTHER_REZFLAGS = "";
				PRODUCT_NAME = install;
				SECTORDER_FLAGS = "";
				SYMROOT = /Users/vector_cat/gits/bcClean/Xcode/glfw;
				USE_HEADERMAP = NO;
				WARNING_CFLAGS = ("-Wmost","-Wno-four-char-constants","-Wno-unknown-pragmas","$(inherited)");
			};
			name = Debug;
		};
		BFCD7820A0454772846DE7AC /* Release */ = {
			isa = XCBuildConfiguration;
			buildSettings = {
				COMBINE_HIDPI_IMAGES = YES;
				GCC_GENERATE_DEBUGGING_SYMBOLS = YES;
				GCC_INLINES_ARE_PRIVATE_EXTERN = NO;
				GCC_OPTIMIZATION_LEVEL = 0;
				GCC_PREPROCESSOR_DEFINITIONS = ("'CMAKE_INTDIR=\"$(CONFIGURATION)$(EFFECTIVE_PLATFORM_NAME)\"'");
				GCC_SYMBOLS_PRIVATE_EXTERN = NO;
				INSTALL_PATH = "";
				OTHER_LDFLAGS = " ";
				OTHER_REZFLAGS = "";
				PRODUCT_NAME = ALL_BUILD;
				SECTORDER_FLAGS = "";
				SYMROOT = /Users/vector_cat/gits/bcClean/Xcode/glfw;
				USE_HEADERMAP = NO;
				WARNING_CFLAGS = ("-Wmost","-Wno-four-char-constants","-Wno-unknown-pragmas","$(inherited)");
			};
			name = Release;
		};
		C038FD4ABBB54371BDD2A713 /* Debug */ = {
			isa = XCBuildConfiguration;
			buildSettings = {
				COMBINE_HIDPI_IMAGES = YES;
				GCC_GENERATE_DEBUGGING_SYMBOLS = YES;
				GCC_INLINES_ARE_PRIVATE_EXTERN = NO;
				GCC_OPTIMIZATION_LEVEL = 0;
				GCC_PREPROCESSOR_DEFINITIONS = ("'CMAKE_INTDIR=\"$(CONFIGURATION)$(EFFECTIVE_PLATFORM_NAME)\"'");
				GCC_SYMBOLS_PRIVATE_EXTERN = NO;
				INSTALL_PATH = "";
				OTHER_LDFLAGS = " ";
				OTHER_REZFLAGS = "";
				PRODUCT_NAME = package;
				SECTORDER_FLAGS = "";
				SYMROOT = /Users/vector_cat/gits/bcClean/Xcode/glfw;
				USE_HEADERMAP = NO;
				WARNING_CFLAGS = ("-Wmost","-Wno-four-char-constants","-Wno-unknown-pragmas","$(inherited)");
			};
			name = Debug;
		};
		C186749C4F924BC7BE212247 /* Release */ = {
			isa = XCBuildConfiguration;
			buildSettings = {
				ONLY_ACTIVE_ARCH = YES;
				SDKROOT = /Applications/Xcode.app/Contents/Developer/Platforms/MacOSX.platform/Developer/SDKs/MacOSX10.15.sdk;
				SYMROOT = /Users/vector_cat/gits/bcClean/Xcode/glfw/build;
			};
			name = Release;
		};
		C41AB7A311B5432A88E883E6 /* Release */ = {
			isa = XCBuildConfiguration;
			buildSettings = {
				COMBINE_HIDPI_IMAGES = YES;
				GCC_GENERATE_DEBUGGING_SYMBOLS = YES;
				GCC_INLINES_ARE_PRIVATE_EXTERN = NO;
				GCC_OPTIMIZATION_LEVEL = 0;
				GCC_PREPROCESSOR_DEFINITIONS = ("'CMAKE_INTDIR=\"$(CONFIGURATION)$(EFFECTIVE_PLATFORM_NAME)\"'");
				GCC_SYMBOLS_PRIVATE_EXTERN = NO;
				INSTALL_PATH = "";
				OTHER_LDFLAGS = " ";
				OTHER_REZFLAGS = "";
				PRODUCT_NAME = RUN_TESTS;
				SECTORDER_FLAGS = "";
				SYMROOT = /Users/vector_cat/gits/bcClean/Xcode/glfw;
				USE_HEADERMAP = NO;
				WARNING_CFLAGS = ("-Wmost","-Wno-four-char-constants","-Wno-unknown-pragmas","$(inherited)");
			};
			name = Release;
		};
		D02C876F561D49F3815B945A /* Debug */ = {
			isa = XCBuildConfiguration;
			buildSettings = {
				COMBINE_HIDPI_IMAGES = YES;
				EXECUTABLE_PREFIX = lib;
				EXECUTABLE_SUFFIX = .a;
				GCC_GENERATE_DEBUGGING_SYMBOLS = YES;
				GCC_INLINES_ARE_PRIVATE_EXTERN = NO;
				GCC_OPTIMIZATION_LEVEL = 0;
				GCC_PREPROCESSOR_DEFINITIONS = ("'CMAKE_INTDIR=\"$(CONFIGURATION)$(EFFECTIVE_PLATFORM_NAME)\"'",_GLFW_USE_CONFIG_H);
				GCC_SYMBOLS_PRIVATE_EXTERN = NO;
				HEADER_SEARCH_PATHS = (/usr/local/Frameworks/Python.framework/Versions/3.7/include/python3.7m,/Users/vector_cat/gits/bcClean/external/libigl/external/glfw/include,/Users/vector_cat/gits/bcClean/external/libigl/external/glfw/src,/Users/vector_cat/gits/bcClean/Xcode/glfw/src);
				INSTALL_PATH = "";
				LIBRARY_STYLE = STATIC;
				OTHER_CFLAGS = " -fPIC    -fPIC -Wall  ";
				OTHER_LIBTOOLFLAGS = " ";
				OTHER_REZFLAGS = "";
				PRODUCT_NAME = glfw3;
				SECTORDER_FLAGS = "";
				SYMROOT = /Users/vector_cat/gits/bcClean/Xcode/glfw/src;
				USE_HEADERMAP = NO;
				WARNING_CFLAGS = ("-Wmost","-Wno-four-char-constants","-Wno-unknown-pragmas","$(inherited)");
			};
			name = Debug;
		};
		D32407264F824B97A741AACE /* MinSizeRel */ = {
			isa = XCBuildConfiguration;
			buildSettings = {
				COMBINE_HIDPI_IMAGES = YES;
				GCC_GENERATE_DEBUGGING_SYMBOLS = YES;
				GCC_INLINES_ARE_PRIVATE_EXTERN = NO;
				GCC_OPTIMIZATION_LEVEL = 0;
				GCC_PREPROCESSOR_DEFINITIONS = ("'CMAKE_INTDIR=\"$(CONFIGURATION)$(EFFECTIVE_PLATFORM_NAME)\"'");
				GCC_SYMBOLS_PRIVATE_EXTERN = NO;
				INSTALL_PATH = "";
				OTHER_LDFLAGS = " ";
				OTHER_REZFLAGS = "";
				PRODUCT_NAME = ALL_BUILD;
				SECTORDER_FLAGS = "";
				SYMROOT = /Users/vector_cat/gits/bcClean/Xcode/glfw;
				USE_HEADERMAP = NO;
				WARNING_CFLAGS = ("-Wmost","-Wno-four-char-constants","-Wno-unknown-pragmas","$(inherited)");
			};
			name = MinSizeRel;
		};
		D64791ABB1504CF0B3D3D9E1 /* MinSizeRel */ = {
			isa = XCBuildConfiguration;
			buildSettings = {
				COMBINE_HIDPI_IMAGES = YES;
				GCC_GENERATE_DEBUGGING_SYMBOLS = YES;
				GCC_INLINES_ARE_PRIVATE_EXTERN = NO;
				GCC_OPTIMIZATION_LEVEL = 0;
				GCC_PREPROCESSOR_DEFINITIONS = ("'CMAKE_INTDIR=\"$(CONFIGURATION)$(EFFECTIVE_PLATFORM_NAME)\"'");
				GCC_SYMBOLS_PRIVATE_EXTERN = NO;
				INSTALL_PATH = "";
				OTHER_LDFLAGS = " ";
				OTHER_REZFLAGS = "";
				PRODUCT_NAME = package;
				SECTORDER_FLAGS = "";
				SYMROOT = /Users/vector_cat/gits/bcClean/Xcode/glfw;
				USE_HEADERMAP = NO;
				WARNING_CFLAGS = ("-Wmost","-Wno-four-char-constants","-Wno-unknown-pragmas","$(inherited)");
			};
			name = MinSizeRel;
		};
		D99A4681FC2442A98736AD75 /* MinSizeRel */ = {
			isa = XCBuildConfiguration;
			buildSettings = {
				COMBINE_HIDPI_IMAGES = YES;
				GCC_GENERATE_DEBUGGING_SYMBOLS = YES;
				GCC_INLINES_ARE_PRIVATE_EXTERN = NO;
				GCC_OPTIMIZATION_LEVEL = 0;
				GCC_PREPROCESSOR_DEFINITIONS = ("'CMAKE_INTDIR=\"$(CONFIGURATION)$(EFFECTIVE_PLATFORM_NAME)\"'");
				GCC_SYMBOLS_PRIVATE_EXTERN = NO;
				INSTALL_PATH = "";
				OTHER_LDFLAGS = " ";
				OTHER_REZFLAGS = "";
				PRODUCT_NAME = install;
				SECTORDER_FLAGS = "";
				SYMROOT = /Users/vector_cat/gits/bcClean/Xcode/glfw;
				USE_HEADERMAP = NO;
				WARNING_CFLAGS = ("-Wmost","-Wno-four-char-constants","-Wno-unknown-pragmas","$(inherited)");
			};
			name = MinSizeRel;
		};
		E10F82B0677E4282883298F9 /* Debug */ = {
			isa = XCBuildConfiguration;
			buildSettings = {
				COMBINE_HIDPI_IMAGES = YES;
				GCC_GENERATE_DEBUGGING_SYMBOLS = YES;
				GCC_INLINES_ARE_PRIVATE_EXTERN = NO;
				GCC_OPTIMIZATION_LEVEL = 0;
				GCC_PREPROCESSOR_DEFINITIONS = ("'CMAKE_INTDIR=\"$(CONFIGURATION)$(EFFECTIVE_PLATFORM_NAME)\"'");
				GCC_SYMBOLS_PRIVATE_EXTERN = NO;
				INSTALL_PATH = "";
				OTHER_LDFLAGS = " ";
				OTHER_REZFLAGS = "";
				PRODUCT_NAME = ALL_BUILD;
				SECTORDER_FLAGS = "";
				SYMROOT = /Users/vector_cat/gits/bcClean/Xcode/glfw;
				USE_HEADERMAP = NO;
				WARNING_CFLAGS = ("-Wmost","-Wno-four-char-constants","-Wno-unknown-pragmas","$(inherited)");
			};
			name = Debug;
		};
		F114C34EF5334301A6B98EE9 /* MinSizeRel */ = {
			isa = XCBuildConfiguration;
			buildSettings = {
				COMBINE_HIDPI_IMAGES = YES;
				GCC_GENERATE_DEBUGGING_SYMBOLS = YES;
				GCC_INLINES_ARE_PRIVATE_EXTERN = NO;
				GCC_OPTIMIZATION_LEVEL = 0;
				GCC_PREPROCESSOR_DEFINITIONS = ("'CMAKE_INTDIR=\"$(CONFIGURATION)$(EFFECTIVE_PLATFORM_NAME)\"'");
				GCC_SYMBOLS_PRIVATE_EXTERN = NO;
				INSTALL_PATH = "";
				OTHER_LDFLAGS = " ";
				OTHER_REZFLAGS = "";
				PRODUCT_NAME = ZERO_CHECK;
				SECTORDER_FLAGS = "";
				SYMROOT = /Users/vector_cat/gits/bcClean/Xcode/glfw;
				USE_HEADERMAP = NO;
				WARNING_CFLAGS = ("-Wmost","-Wno-four-char-constants","-Wno-unknown-pragmas","$(inherited)");
			};
			name = MinSizeRel;
		};
/* End XCBuildConfiguration section */

/* Begin XCConfigurationList section */
		1ECF3DE402D346D7B2035B64 /* Build configuration list for PBXAggregateTarget "package" */ = {
			isa = XCConfigurationList;
			buildConfigurations = (
				C038FD4ABBB54371BDD2A713 /* Debug */,
				52BDFCF4E2A7437884AFE17B /* Release */,
				D64791ABB1504CF0B3D3D9E1 /* MinSizeRel */,
				82A531CC65BC47839F323D67 /* RelWithDebInfo */,
			);
			defaultConfigurationIsVisible = 0;
			defaultConfigurationName = Debug;
		};
		2FFA1DC3D8C0455FB83095E8 /* Build configuration list for PBXAggregateTarget "ZERO_CHECK" */ = {
			isa = XCConfigurationList;
			buildConfigurations = (
				6EA52B1DFC1F4801B63D97FF /* Debug */,
				3501B6CF68304BA0AC21C5E4 /* Release */,
				F114C34EF5334301A6B98EE9 /* MinSizeRel */,
				09103CDBC7F4488A8C2735D1 /* RelWithDebInfo */,
			);
			defaultConfigurationIsVisible = 0;
			defaultConfigurationName = Debug;
		};
		40206C45B95743168C01FA60 /* Build configuration list for PBXProject "GLFW" */ = {
			isa = XCConfigurationList;
			buildConfigurations = (
				22ACAD796BD94AD9959B1CC6 /* Debug */,
				C186749C4F924BC7BE212247 /* Release */,
				110D9D7C01AB41B59F4EA847 /* MinSizeRel */,
				35F1FCE2A52F42529CDBE311 /* RelWithDebInfo */,
			);
			defaultConfigurationIsVisible = 0;
			defaultConfigurationName = Debug;
		};
		5931F47CDADF4C4193FAEDA6 /* Build configuration list for PBXAggregateTarget "install" */ = {
			isa = XCConfigurationList;
			buildConfigurations = (
				91BFEF341F1D4DE58D795F79 /* Debug */,
				0F5036FB72D549D8A7069B52 /* Release */,
				D99A4681FC2442A98736AD75 /* MinSizeRel */,
				06ED3C3C78E942A79BEC337B /* RelWithDebInfo */,
			);
			defaultConfigurationIsVisible = 0;
			defaultConfigurationName = Debug;
		};
		5ADFB1EE4CF24522AAB14407 /* Build configuration list for PBXAggregateTarget "RUN_TESTS" */ = {
			isa = XCConfigurationList;
			buildConfigurations = (
				1F2A46AF63C74E298E551F61 /* Debug */,
				C41AB7A311B5432A88E883E6 /* Release */,
				1A0F5A349D014E20B1A73648 /* MinSizeRel */,
				64287E92248B49108905C8CA /* RelWithDebInfo */,
			);
			defaultConfigurationIsVisible = 0;
			defaultConfigurationName = Debug;
		};
		B87D20F801E14CC0AF9F6647 /* Build configuration list for PBXAggregateTarget "ALL_BUILD" */ = {
			isa = XCConfigurationList;
			buildConfigurations = (
				E10F82B0677E4282883298F9 /* Debug */,
				BFCD7820A0454772846DE7AC /* Release */,
				D32407264F824B97A741AACE /* MinSizeRel */,
				2A9BCD232E664F8483EA78A2 /* RelWithDebInfo */,
			);
			defaultConfigurationIsVisible = 0;
			defaultConfigurationName = Debug;
		};
		C780D9D94348457DA04AA213 /* Build configuration list for PBXNativeTarget "glfw" */ = {
			isa = XCConfigurationList;
			buildConfigurations = (
				D02C876F561D49F3815B945A /* Debug */,
				4762DDBB7FD14D908D3911BC /* Release */,
				7E1D5814556C4C10A137CD26 /* MinSizeRel */,
				2918717BA6114F65B29C50F4 /* RelWithDebInfo */,
			);
			defaultConfigurationIsVisible = 0;
			defaultConfigurationName = Debug;
		};
/* End XCConfigurationList section */
	};
	rootObject = 705C6DA8120A4EAF925467C2 /* Project object */;
}
